// !$*UTF8*$!
{
	archiveVersion = 1;
	classes = {
	};
	objectVersion = 77;
	objects = {

/* Begin PBXBuildFile section */
		DA4BED7C2DABDE6F00466069 /* GitHubAPIClient in Frameworks */ = {isa = PBXBuildFile; productRef = DAEDA13F2DA7D16C00639EA6 /* GitHubAPIClient */; };
/* End PBXBuildFile section */

/* Begin PBXContainerItemProxy section */
		DA3FF73A2DA7ABE30097213A /* PBXContainerItemProxy */ = {
			isa = PBXContainerItemProxy;
			containerPortal = DA3FF7242DA7ABE10097213A /* Project object */;
			proxyType = 1;
			remoteGlobalIDString = DA3FF72B2DA7ABE10097213A;
			remoteInfo = IKEHGitHubAPI;
		};
		DA3FF7442DA7ABE30097213A /* PBXContainerItemProxy */ = {
			isa = PBXContainerItemProxy;
			containerPortal = DA3FF7242DA7ABE10097213A /* Project object */;
			proxyType = 1;
			remoteGlobalIDString = DA3FF72B2DA7ABE10097213A;
			remoteInfo = IKEHGitHubAPI;
		};
/* End PBXContainerItemProxy section */

/* Begin PBXFileReference section */
		DA1DA8592DAC446F00B3B64C /* .swiftlint.yml */ = {isa = PBXFileReference; lastKnownFileType = text.yaml; path = .swiftlint.yml; sourceTree = "<group>"; };
		DA3FF72C2DA7ABE10097213A /* IKEHGitHubAPI.app */ = {isa = PBXFileReference; explicitFileType = wrapper.application; includeInIndex = 0; path = IKEHGitHubAPI.app; sourceTree = BUILT_PRODUCTS_DIR; };
		DA3FF7392DA7ABE30097213A /* IKEHGitHubAPITests.xctest */ = {isa = PBXFileReference; explicitFileType = wrapper.cfbundle; includeInIndex = 0; path = IKEHGitHubAPITests.xctest; sourceTree = BUILT_PRODUCTS_DIR; };
		DA3FF7432DA7ABE30097213A /* IKEHGitHubAPIUITests.xctest */ = {isa = PBXFileReference; explicitFileType = wrapper.cfbundle; includeInIndex = 0; path = IKEHGitHubAPIUITests.xctest; sourceTree = BUILT_PRODUCTS_DIR; };
		DA3FF7562DA7AC390097213A /* GitHubRESTAPI */ = {isa = PBXFileReference; lastKnownFileType = wrapper; path = GitHubRESTAPI; sourceTree = "<group>"; };
		DAE3C3202DAD61F700B7C153 /* GitHubAPIGraphQL */ = {isa = PBXFileReference; lastKnownFileType = wrapper; path = GitHubAPIGraphQL; sourceTree = "<group>"; };
		DAEDA12D2DA7C27A00639EA6 /* GitHubAPIClient */ = {isa = PBXFileReference; lastKnownFileType = wrapper; path = GitHubAPIClient; sourceTree = "<group>"; };
/* End PBXFileReference section */

/* Begin PBXFileSystemSynchronizedBuildFileExceptionSet section */
		DA4BEEC72DABEE0F00466069 /* Exceptions for "IKEHGitHubAPI" folder in "IKEHGitHubAPI" target */ = {
			isa = PBXFileSystemSynchronizedBuildFileExceptionSet;
			membershipExceptions = (
				Info.plist,
			);
			target = DA3FF72B2DA7ABE10097213A /* IKEHGitHubAPI */;
		};
/* End PBXFileSystemSynchronizedBuildFileExceptionSet section */

/* Begin PBXFileSystemSynchronizedRootGroup section */
		DA3FF72E2DA7ABE10097213A /* IKEHGitHubAPI */ = {
			isa = PBXFileSystemSynchronizedRootGroup;
			exceptions = (
				DA4BEEC72DABEE0F00466069 /* Exceptions for "IKEHGitHubAPI" folder in "IKEHGitHubAPI" target */,
			);
			path = IKEHGitHubAPI;
			sourceTree = "<group>";
		};
		DA3FF73C2DA7ABE30097213A /* IKEHGitHubAPITests */ = {
			isa = PBXFileSystemSynchronizedRootGroup;
			path = IKEHGitHubAPITests;
			sourceTree = "<group>";
		};
		DA3FF7462DA7ABE30097213A /* IKEHGitHubAPIUITests */ = {
			isa = PBXFileSystemSynchronizedRootGroup;
			path = IKEHGitHubAPIUITests;
			sourceTree = "<group>";
		};
/* End PBXFileSystemSynchronizedRootGroup section */

/* Begin PBXFrameworksBuildPhase section */
		DA3FF7362DA7ABE30097213A /* Frameworks */ = {
			isa = PBXFrameworksBuildPhase;
			buildActionMask = 2147483647;
			files = (
			);
			runOnlyForDeploymentPostprocessing = 0;
		};
		DA3FF7402DA7ABE30097213A /* Frameworks */ = {
			isa = PBXFrameworksBuildPhase;
			buildActionMask = 2147483647;
			files = (
			);
			runOnlyForDeploymentPostprocessing = 0;
		};
		DADD0B2B2DABDE5A00C4E134 /* Frameworks */ = {
			isa = PBXFrameworksBuildPhase;
			buildActionMask = 2147483647;
			files = (
				DA4BED7C2DABDE6F00466069 /* GitHubAPIClient in Frameworks */,
			);
			runOnlyForDeploymentPostprocessing = 0;
		};
/* End PBXFrameworksBuildPhase section */

/* Begin PBXGroup section */
		DA3FF7232DA7ABE10097213A = {
			isa = PBXGroup;
			children = (
				DA3FF72E2DA7ABE10097213A /* IKEHGitHubAPI */,
				DA3FF73C2DA7ABE30097213A /* IKEHGitHubAPITests */,
				DA3FF7462DA7ABE30097213A /* IKEHGitHubAPIUITests */,
				DA3FF72D2DA7ABE10097213A /* Products */,
				DAEDA12D2DA7C27A00639EA6 /* GitHubAPIClient */,
				DA3FF7562DA7AC390097213A /* GitHubRESTAPI */,
				DAE3C3202DAD61F700B7C153 /* GitHubAPIGraphQL */,
				DA3FF7582DA7AC700097213A /* Frameworks */,
				DA1DA8592DAC446F00B3B64C /* .swiftlint.yml */,
			);
			sourceTree = "<group>";
		};
		DA3FF72D2DA7ABE10097213A /* Products */ = {
			isa = PBXGroup;
			children = (
				DA3FF72C2DA7ABE10097213A /* IKEHGitHubAPI.app */,
				DA3FF7392DA7ABE30097213A /* IKEHGitHubAPITests.xctest */,
				DA3FF7432DA7ABE30097213A /* IKEHGitHubAPIUITests.xctest */,
			);
			name = Products;
			sourceTree = "<group>";
		};
		DA3FF7582DA7AC700097213A /* Frameworks */ = {
			isa = PBXGroup;
			children = (
			);
			name = Frameworks;
			sourceTree = "<group>";
		};
/* End PBXGroup section */

/* Begin PBXNativeTarget section */
		DA3FF72B2DA7ABE10097213A /* IKEHGitHubAPI */ = {
			isa = PBXNativeTarget;
			buildConfigurationList = DA3FF74D2DA7ABE30097213A /* Build configuration list for PBXNativeTarget "IKEHGitHubAPI" */;
			buildPhases = (
				DA3FF7282DA7ABE10097213A /* Sources */,
				DA3FF72A2DA7ABE10097213A /* Resources */,
				DADD0B2B2DABDE5A00C4E134 /* Frameworks */,
			);
			buildRules = (
			);
			dependencies = (
				DA1DA85C2DAC44CC00B3B64C /* PBXTargetDependency */,
			);
			fileSystemSynchronizedGroups = (
				DA3FF72E2DA7ABE10097213A /* IKEHGitHubAPI */,
			);
			name = IKEHGitHubAPI;
			packageProductDependencies = (
				DAEDA13F2DA7D16C00639EA6 /* GitHubAPIClient */,
			);
			productName = IKEHGitHubAPI;
			productReference = DA3FF72C2DA7ABE10097213A /* IKEHGitHubAPI.app */;
			productType = "com.apple.product-type.application";
		};
		DA3FF7382DA7ABE30097213A /* IKEHGitHubAPITests */ = {
			isa = PBXNativeTarget;
			buildConfigurationList = DA3FF7502DA7ABE30097213A /* Build configuration list for PBXNativeTarget "IKEHGitHubAPITests" */;
			buildPhases = (
				DA3FF7352DA7ABE30097213A /* Sources */,
				DA3FF7362DA7ABE30097213A /* Frameworks */,
				DA3FF7372DA7ABE30097213A /* Resources */,
			);
			buildRules = (
			);
			dependencies = (
				DA3FF73B2DA7ABE30097213A /* PBXTargetDependency */,
			);
			fileSystemSynchronizedGroups = (
				DA3FF73C2DA7ABE30097213A /* IKEHGitHubAPITests */,
			);
			name = IKEHGitHubAPITests;
			packageProductDependencies = (
			);
			productName = IKEHGitHubAPITests;
			productReference = DA3FF7392DA7ABE30097213A /* IKEHGitHubAPITests.xctest */;
			productType = "com.apple.product-type.bundle.unit-test";
		};
		DA3FF7422DA7ABE30097213A /* IKEHGitHubAPIUITests */ = {
			isa = PBXNativeTarget;
			buildConfigurationList = DA3FF7532DA7ABE30097213A /* Build configuration list for PBXNativeTarget "IKEHGitHubAPIUITests" */;
			buildPhases = (
				DA3FF73F2DA7ABE30097213A /* Sources */,
				DA3FF7402DA7ABE30097213A /* Frameworks */,
				DA3FF7412DA7ABE30097213A /* Resources */,
			);
			buildRules = (
			);
			dependencies = (
				DA3FF7452DA7ABE30097213A /* PBXTargetDependency */,
			);
			fileSystemSynchronizedGroups = (
				DA3FF7462DA7ABE30097213A /* IKEHGitHubAPIUITests */,
			);
			name = IKEHGitHubAPIUITests;
			packageProductDependencies = (
			);
			productName = IKEHGitHubAPIUITests;
			productReference = DA3FF7432DA7ABE30097213A /* IKEHGitHubAPIUITests.xctest */;
			productType = "com.apple.product-type.bundle.ui-testing";
		};
/* End PBXNativeTarget section */

/* Begin PBXProject section */
		DA3FF7242DA7ABE10097213A /* Project object */ = {
			isa = PBXProject;
			attributes = {
				BuildIndependentTargetsInParallel = 1;
				LastSwiftUpdateCheck = 1630;
				LastUpgradeCheck = 1630;
				TargetAttributes = {
					DA3FF72B2DA7ABE10097213A = {
						CreatedOnToolsVersion = 16.3;
					};
					DA3FF7382DA7ABE30097213A = {
						CreatedOnToolsVersion = 16.3;
						TestTargetID = DA3FF72B2DA7ABE10097213A;
					};
					DA3FF7422DA7ABE30097213A = {
						CreatedOnToolsVersion = 16.3;
						TestTargetID = DA3FF72B2DA7ABE10097213A;
					};
				};
			};
			buildConfigurationList = DA3FF7272DA7ABE10097213A /* Build configuration list for PBXProject "IKEHGitHubAPI" */;
			developmentRegion = en;
			hasScannedForEncodings = 0;
			knownRegions = (
				en,
				Base,
			);
			mainGroup = DA3FF7232DA7ABE10097213A;
			minimizedProjectReferenceProxies = 1;
			packageReferences = (
				DA1DA85A2DAC44BD00B3B64C /* XCRemoteSwiftPackageReference "SwiftLint" */,
			);
			preferredProjectObjectVersion = 77;
			productRefGroup = DA3FF72D2DA7ABE10097213A /* Products */;
			projectDirPath = "";
			projectRoot = "";
			targets = (
				DA3FF72B2DA7ABE10097213A /* IKEHGitHubAPI */,
				DA3FF7382DA7ABE30097213A /* IKEHGitHubAPITests */,
				DA3FF7422DA7ABE30097213A /* IKEHGitHubAPIUITests */,
			);
		};
/* End PBXProject section */

/* Begin PBXResourcesBuildPhase section */
		DA3FF72A2DA7ABE10097213A /* Resources */ = {
			isa = PBXResourcesBuildPhase;
			buildActionMask = 2147483647;
			files = (
			);
			runOnlyForDeploymentPostprocessing = 0;
		};
		DA3FF7372DA7ABE30097213A /* Resources */ = {
			isa = PBXResourcesBuildPhase;
			buildActionMask = 2147483647;
			files = (
			);
			runOnlyForDeploymentPostprocessing = 0;
		};
		DA3FF7412DA7ABE30097213A /* Resources */ = {
			isa = PBXResourcesBuildPhase;
			buildActionMask = 2147483647;
			files = (
			);
			runOnlyForDeploymentPostprocessing = 0;
		};
/* End PBXResourcesBuildPhase section */

/* Begin PBXSourcesBuildPhase section */
		DA3FF7282DA7ABE10097213A /* Sources */ = {
			isa = PBXSourcesBuildPhase;
			buildActionMask = 2147483647;
			files = (
			);
			runOnlyForDeploymentPostprocessing = 0;
		};
		DA3FF7352DA7ABE30097213A /* Sources */ = {
			isa = PBXSourcesBuildPhase;
			buildActionMask = 2147483647;
			files = (
			);
			runOnlyForDeploymentPostprocessing = 0;
		};
		DA3FF73F2DA7ABE30097213A /* Sources */ = {
			isa = PBXSourcesBuildPhase;
			buildActionMask = 2147483647;
			files = (
			);
			runOnlyForDeploymentPostprocessing = 0;
		};
/* End PBXSourcesBuildPhase section */

/* Begin PBXTargetDependency section */
		DA1DA85C2DAC44CC00B3B64C /* PBXTargetDependency */ = {
			isa = PBXTargetDependency;
			productRef = DA1DA85B2DAC44CC00B3B64C /* SwiftLintBuildToolPlugin */;
		};
		DA3FF73B2DA7ABE30097213A /* PBXTargetDependency */ = {
			isa = PBXTargetDependency;
			target = DA3FF72B2DA7ABE10097213A /* IKEHGitHubAPI */;
			targetProxy = DA3FF73A2DA7ABE30097213A /* PBXContainerItemProxy */;
		};
		DA3FF7452DA7ABE30097213A /* PBXTargetDependency */ = {
			isa = PBXTargetDependency;
			target = DA3FF72B2DA7ABE10097213A /* IKEHGitHubAPI */;
			targetProxy = DA3FF7442DA7ABE30097213A /* PBXContainerItemProxy */;
		};
/* End PBXTargetDependency section */

/* Begin XCBuildConfiguration section */
		DA3FF74B2DA7ABE30097213A /* Debug */ = {
			isa = XCBuildConfiguration;
			buildSettings = {
				ALWAYS_SEARCH_USER_PATHS = NO;
				ASSETCATALOG_COMPILER_GENERATE_SWIFT_ASSET_SYMBOL_EXTENSIONS = YES;
				CLANG_ANALYZER_NONNULL = YES;
				CLANG_ANALYZER_NUMBER_OBJECT_CONVERSION = YES_AGGRESSIVE;
				CLANG_CXX_LANGUAGE_STANDARD = "gnu++20";
				CLANG_ENABLE_MODULES = YES;
				CLANG_ENABLE_OBJC_ARC = YES;
				CLANG_ENABLE_OBJC_WEAK = YES;
				CLANG_WARN_BLOCK_CAPTURE_AUTORELEASING = YES;
				CLANG_WARN_BOOL_CONVERSION = YES;
				CLANG_WARN_COMMA = YES;
				CLANG_WARN_CONSTANT_CONVERSION = YES;
				CLANG_WARN_DEPRECATED_OBJC_IMPLEMENTATIONS = YES;
				CLANG_WARN_DIRECT_OBJC_ISA_USAGE = YES_ERROR;
				CLANG_WARN_DOCUMENTATION_COMMENTS = YES;
				CLANG_WARN_EMPTY_BODY = YES;
				CLANG_WARN_ENUM_CONVERSION = YES;
				CLANG_WARN_INFINITE_RECURSION = YES;
				CLANG_WARN_INT_CONVERSION = YES;
				CLANG_WARN_NON_LITERAL_NULL_CONVERSION = YES;
				CLANG_WARN_OBJC_IMPLICIT_RETAIN_SELF = YES;
				CLANG_WARN_OBJC_LITERAL_CONVERSION = YES;
				CLANG_WARN_OBJC_ROOT_CLASS = YES_ERROR;
				CLANG_WARN_QUOTED_INCLUDE_IN_FRAMEWORK_HEADER = YES;
				CLANG_WARN_RANGE_LOOP_ANALYSIS = YES;
				CLANG_WARN_STRICT_PROTOTYPES = YES;
				CLANG_WARN_SUSPICIOUS_MOVE = YES;
				CLANG_WARN_UNGUARDED_AVAILABILITY = YES_AGGRESSIVE;
				CLANG_WARN_UNREACHABLE_CODE = YES;
				CLANG_WARN__DUPLICATE_METHOD_MATCH = YES;
				COPY_PHASE_STRIP = NO;
				DEBUG_INFORMATION_FORMAT = dwarf;
				DEVELOPMENT_TEAM = BWMJMJK727;
				ENABLE_STRICT_OBJC_MSGSEND = YES;
				ENABLE_TESTABILITY = YES;
				ENABLE_USER_SCRIPT_SANDBOXING = YES;
				GCC_C_LANGUAGE_STANDARD = gnu17;
				GCC_DYNAMIC_NO_PIC = NO;
				GCC_NO_COMMON_BLOCKS = YES;
				GCC_OPTIMIZATION_LEVEL = 0;
				GCC_PREPROCESSOR_DEFINITIONS = (
					"DEBUG=1",
					"$(inherited)",
				);
				GCC_WARN_64_TO_32_BIT_CONVERSION = YES;
				GCC_WARN_ABOUT_RETURN_TYPE = YES_ERROR;
				GCC_WARN_UNDECLARED_SELECTOR = YES;
				GCC_WARN_UNINITIALIZED_AUTOS = YES_AGGRESSIVE;
				GCC_WARN_UNUSED_FUNCTION = YES;
				GCC_WARN_UNUSED_VARIABLE = YES;
				IPHONEOS_DEPLOYMENT_TARGET = 18.4;
				LOCALIZATION_PREFERS_STRING_CATALOGS = YES;
				MTL_ENABLE_DEBUG_INFO = INCLUDE_SOURCE;
				MTL_FAST_MATH = YES;
				ONLY_ACTIVE_ARCH = YES;
				SDKROOT = iphoneos;
				SWIFT_ACTIVE_COMPILATION_CONDITIONS = "DEBUG $(inherited)";
				SWIFT_OPTIMIZATION_LEVEL = "-Onone";
			};
			name = Debug;
		};
		DA3FF74C2DA7ABE30097213A /* Release */ = {
			isa = XCBuildConfiguration;
			buildSettings = {
				ALWAYS_SEARCH_USER_PATHS = NO;
				ASSETCATALOG_COMPILER_GENERATE_SWIFT_ASSET_SYMBOL_EXTENSIONS = YES;
				CLANG_ANALYZER_NONNULL = YES;
				CLANG_ANALYZER_NUMBER_OBJECT_CONVERSION = YES_AGGRESSIVE;
				CLANG_CXX_LANGUAGE_STANDARD = "gnu++20";
				CLANG_ENABLE_MODULES = YES;
				CLANG_ENABLE_OBJC_ARC = YES;
				CLANG_ENABLE_OBJC_WEAK = YES;
				CLANG_WARN_BLOCK_CAPTURE_AUTORELEASING = YES;
				CLANG_WARN_BOOL_CONVERSION = YES;
				CLANG_WARN_COMMA = YES;
				CLANG_WARN_CONSTANT_CONVERSION = YES;
				CLANG_WARN_DEPRECATED_OBJC_IMPLEMENTATIONS = YES;
				CLANG_WARN_DIRECT_OBJC_ISA_USAGE = YES_ERROR;
				CLANG_WARN_DOCUMENTATION_COMMENTS = YES;
				CLANG_WARN_EMPTY_BODY = YES;
				CLANG_WARN_ENUM_CONVERSION = YES;
				CLANG_WARN_INFINITE_RECURSION = YES;
				CLANG_WARN_INT_CONVERSION = YES;
				CLANG_WARN_NON_LITERAL_NULL_CONVERSION = YES;
				CLANG_WARN_OBJC_IMPLICIT_RETAIN_SELF = YES;
				CLANG_WARN_OBJC_LITERAL_CONVERSION = YES;
				CLANG_WARN_OBJC_ROOT_CLASS = YES_ERROR;
				CLANG_WARN_QUOTED_INCLUDE_IN_FRAMEWORK_HEADER = YES;
				CLANG_WARN_RANGE_LOOP_ANALYSIS = YES;
				CLANG_WARN_STRICT_PROTOTYPES = YES;
				CLANG_WARN_SUSPICIOUS_MOVE = YES;
				CLANG_WARN_UNGUARDED_AVAILABILITY = YES_AGGRESSIVE;
				CLANG_WARN_UNREACHABLE_CODE = YES;
				CLANG_WARN__DUPLICATE_METHOD_MATCH = YES;
				COPY_PHASE_STRIP = NO;
				DEBUG_INFORMATION_FORMAT = "dwarf-with-dsym";
				DEVELOPMENT_TEAM = BWMJMJK727;
				ENABLE_NS_ASSERTIONS = NO;
				ENABLE_STRICT_OBJC_MSGSEND = YES;
				ENABLE_USER_SCRIPT_SANDBOXING = YES;
				GCC_C_LANGUAGE_STANDARD = gnu17;
				GCC_NO_COMMON_BLOCKS = YES;
				GCC_WARN_64_TO_32_BIT_CONVERSION = YES;
				GCC_WARN_ABOUT_RETURN_TYPE = YES_ERROR;
				GCC_WARN_UNDECLARED_SELECTOR = YES;
				GCC_WARN_UNINITIALIZED_AUTOS = YES_AGGRESSIVE;
				GCC_WARN_UNUSED_FUNCTION = YES;
				GCC_WARN_UNUSED_VARIABLE = YES;
				IPHONEOS_DEPLOYMENT_TARGET = 18.4;
				LOCALIZATION_PREFERS_STRING_CATALOGS = YES;
				MTL_ENABLE_DEBUG_INFO = NO;
				MTL_FAST_MATH = YES;
				SDKROOT = iphoneos;
				SWIFT_COMPILATION_MODE = wholemodule;
				VALIDATE_PRODUCT = YES;
			};
			name = Release;
		};
		DA3FF74E2DA7ABE30097213A /* Debug */ = {
			isa = XCBuildConfiguration;
			buildSettings = {
				ASSETCATALOG_COMPILER_APPICON_NAME = AppIcon;
				ASSETCATALOG_COMPILER_GLOBAL_ACCENT_COLOR_NAME = AccentColor;
				CODE_SIGN_STYLE = Automatic;
				CURRENT_PROJECT_VERSION = 1;
				DEVELOPMENT_TEAM = BWMJMJK727;
				ENABLE_PREVIEWS = YES;
				GENERATE_INFOPLIST_FILE = YES;
				INFOPLIST_FILE = IKEHGitHubAPI/Info.plist;
				INFOPLIST_KEY_UIApplicationSceneManifest_Generation = YES;
				INFOPLIST_KEY_UIApplicationSupportsIndirectInputEvents = YES;
				INFOPLIST_KEY_UILaunchScreen_Generation = YES;
				INFOPLIST_KEY_UISupportedInterfaceOrientations_iPad = "UIInterfaceOrientationPortrait UIInterfaceOrientationPortraitUpsideDown UIInterfaceOrientationLandscapeLeft UIInterfaceOrientationLandscapeRight";
				INFOPLIST_KEY_UISupportedInterfaceOrientations_iPhone = "UIInterfaceOrientationPortrait UIInterfaceOrientationLandscapeLeft UIInterfaceOrientationLandscapeRight";
				IPHONEOS_DEPLOYMENT_TARGET = 18.0;
				LD_RUNPATH_SEARCH_PATHS = (
					"$(inherited)",
					"@executable_path/Frameworks",
				);
				MARKETING_VERSION = 1.0;
				PRODUCT_BUNDLE_IDENTIFIER = com.ikeh1024.IKEHGitHubAPI;
				PRODUCT_NAME = "$(TARGET_NAME)";
				SWIFT_EMIT_LOC_STRINGS = YES;
				SWIFT_VERSION = 5.0;
				TARGETED_DEVICE_FAMILY = "1,2";
			};
			name = Debug;
		};
		DA3FF74F2DA7ABE30097213A /* Release */ = {
			isa = XCBuildConfiguration;
			buildSettings = {
				ASSETCATALOG_COMPILER_APPICON_NAME = AppIcon;
				ASSETCATALOG_COMPILER_GLOBAL_ACCENT_COLOR_NAME = AccentColor;
				CODE_SIGN_STYLE = Automatic;
				CURRENT_PROJECT_VERSION = 1;
				DEVELOPMENT_TEAM = BWMJMJK727;
				ENABLE_PREVIEWS = YES;
				GENERATE_INFOPLIST_FILE = YES;
				INFOPLIST_FILE = IKEHGitHubAPI/Info.plist;
				INFOPLIST_KEY_UIApplicationSceneManifest_Generation = YES;
				INFOPLIST_KEY_UIApplicationSupportsIndirectInputEvents = YES;
				INFOPLIST_KEY_UILaunchScreen_Generation = YES;
				INFOPLIST_KEY_UISupportedInterfaceOrientations_iPad = "UIInterfaceOrientationPortrait UIInterfaceOrientationPortraitUpsideDown UIInterfaceOrientationLandscapeLeft UIInterfaceOrientationLandscapeRight";
				INFOPLIST_KEY_UISupportedInterfaceOrientations_iPhone = "UIInterfaceOrientationPortrait UIInterfaceOrientationLandscapeLeft UIInterfaceOrientationLandscapeRight";
				IPHONEOS_DEPLOYMENT_TARGET = 18.0;
				LD_RUNPATH_SEARCH_PATHS = (
					"$(inherited)",
					"@executable_path/Frameworks",
				);
				MARKETING_VERSION = 1.0;
				PRODUCT_BUNDLE_IDENTIFIER = com.ikeh1024.IKEHGitHubAPI;
				PRODUCT_NAME = "$(TARGET_NAME)";
				SWIFT_EMIT_LOC_STRINGS = YES;
				SWIFT_VERSION = 5.0;
				TARGETED_DEVICE_FAMILY = "1,2";
			};
			name = Release;
		};
		DA3FF7512DA7ABE30097213A /* Debug */ = {
			isa = XCBuildConfiguration;
			buildSettings = {
				BUNDLE_LOADER = "$(TEST_HOST)";
				CODE_SIGN_STYLE = Automatic;
				CURRENT_PROJECT_VERSION = 1;
				DEVELOPMENT_TEAM = BWMJMJK727;
				GENERATE_INFOPLIST_FILE = YES;
				IPHONEOS_DEPLOYMENT_TARGET = 18.4;
				MARKETING_VERSION = 1.0;
				PRODUCT_BUNDLE_IDENTIFIER = com.ikeh1024.IKEHGitHubAPITests;
				PRODUCT_NAME = "$(TARGET_NAME)";
				SWIFT_EMIT_LOC_STRINGS = NO;
				SWIFT_VERSION = 5.0;
				TARGETED_DEVICE_FAMILY = "1,2";
				TEST_HOST = "$(BUILT_PRODUCTS_DIR)/IKEHGitHubAPI.app/$(BUNDLE_EXECUTABLE_FOLDER_PATH)/IKEHGitHubAPI";
			};
			name = Debug;
		};
		DA3FF7522DA7ABE30097213A /* Release */ = {
			isa = XCBuildConfiguration;
			buildSettings = {
				BUNDLE_LOADER = "$(TEST_HOST)";
				CODE_SIGN_STYLE = Automatic;
				CURRENT_PROJECT_VERSION = 1;
				DEVELOPMENT_TEAM = BWMJMJK727;
				GENERATE_INFOPLIST_FILE = YES;
				IPHONEOS_DEPLOYMENT_TARGET = 18.4;
				MARKETING_VERSION = 1.0;
				PRODUCT_BUNDLE_IDENTIFIER = com.ikeh1024.IKEHGitHubAPITests;
				PRODUCT_NAME = "$(TARGET_NAME)";
				SWIFT_EMIT_LOC_STRINGS = NO;
				SWIFT_VERSION = 5.0;
				TARGETED_DEVICE_FAMILY = "1,2";
				TEST_HOST = "$(BUILT_PRODUCTS_DIR)/IKEHGitHubAPI.app/$(BUNDLE_EXECUTABLE_FOLDER_PATH)/IKEHGitHubAPI";
			};
			name = Release;
		};
		DA3FF7542DA7ABE30097213A /* Debug */ = {
			isa = XCBuildConfiguration;
			buildSettings = {
				CODE_SIGN_STYLE = Automatic;
				CURRENT_PROJECT_VERSION = 1;
				DEVELOPMENT_TEAM = BWMJMJK727;
				GENERATE_INFOPLIST_FILE = YES;
				MARKETING_VERSION = 1.0;
				PRODUCT_BUNDLE_IDENTIFIER = com.ikeh1024.IKEHGitHubAPIUITests;
				PRODUCT_NAME = "$(TARGET_NAME)";
				SWIFT_EMIT_LOC_STRINGS = NO;
				SWIFT_VERSION = 5.0;
				TARGETED_DEVICE_FAMILY = "1,2";
				TEST_TARGET_NAME = IKEHGitHubAPI;
			};
			name = Debug;
		};
		DA3FF7552DA7ABE30097213A /* Release */ = {
			isa = XCBuildConfiguration;
			buildSettings = {
				CODE_SIGN_STYLE = Automatic;
				CURRENT_PROJECT_VERSION = 1;
				DEVELOPMENT_TEAM = BWMJMJK727;
				GENERATE_INFOPLIST_FILE = YES;
				MARKETING_VERSION = 1.0;
				PRODUCT_BUNDLE_IDENTIFIER = com.ikeh1024.IKEHGitHubAPIUITests;
				PRODUCT_NAME = "$(TARGET_NAME)";
				SWIFT_EMIT_LOC_STRINGS = NO;
				SWIFT_VERSION = 5.0;
				TARGETED_DEVICE_FAMILY = "1,2";
				TEST_TARGET_NAME = IKEHGitHubAPI;
			};
			name = Release;
		};
/* End XCBuildConfiguration section */

/* Begin XCConfigurationList section */
		DA3FF7272DA7ABE10097213A /* Build configuration list for PBXProject "IKEHGitHubAPI" */ = {
			isa = XCConfigurationList;
			buildConfigurations = (
				DA3FF74B2DA7ABE30097213A /* Debug */,
				DA3FF74C2DA7ABE30097213A /* Release */,
			);
			defaultConfigurationIsVisible = 0;
			defaultConfigurationName = Release;
		};
		DA3FF74D2DA7ABE30097213A /* Build configuration list for PBXNativeTarget "IKEHGitHubAPI" */ = {
			isa = XCConfigurationList;
			buildConfigurations = (
				DA3FF74E2DA7ABE30097213A /* Debug */,
				DA3FF74F2DA7ABE30097213A /* Release */,
			);
			defaultConfigurationIsVisible = 0;
			defaultConfigurationName = Release;
		};
		DA3FF7502DA7ABE30097213A /* Build configuration list for PBXNativeTarget "IKEHGitHubAPITests" */ = {
			isa = XCConfigurationList;
			buildConfigurations = (
				DA3FF7512DA7ABE30097213A /* Debug */,
				DA3FF7522DA7ABE30097213A /* Release */,
			);
			defaultConfigurationIsVisible = 0;
			defaultConfigurationName = Release;
		};
		DA3FF7532DA7ABE30097213A /* Build configuration list for PBXNativeTarget "IKEHGitHubAPIUITests" */ = {
			isa = XCConfigurationList;
			buildConfigurations = (
				DA3FF7542DA7ABE30097213A /* Debug */,
				DA3FF7552DA7ABE30097213A /* Release */,
			);
			defaultConfigurationIsVisible = 0;
			defaultConfigurationName = Release;
		};
/* End XCConfigurationList section */

/* Begin XCRemoteSwiftPackageReference section */
		DA1DA85A2DAC44BD00B3B64C /* XCRemoteSwiftPackageReference "SwiftLint" */ = {
			isa = XCRemoteSwiftPackageReference;
			repositoryURL = "https://github.com/realm/SwiftLint";
			requirement = {
				kind = upToNextMajorVersion;
				minimumVersion = 0.59.0;
			};
		};
/* End XCRemoteSwiftPackageReference section */

/* Begin XCSwiftPackageProductDependency section */
		DA1DA85B2DAC44CC00B3B64C /* SwiftLintBuildToolPlugin */ = {
			isa = XCSwiftPackageProductDependency;
			package = DA1DA85A2DAC44BD00B3B64C /* XCRemoteSwiftPackageReference "SwiftLint" */;
			productName = "plugin:SwiftLintBuildToolPlugin";
		};
		DAEDA13F2DA7D16C00639EA6 /* GitHubAPIClient */ = {
			isa = XCSwiftPackageProductDependency;
			productName = GitHubAPIClient;
		};
/* End XCSwiftPackageProductDependency section */
	};
	rootObject = DA3FF7242DA7ABE10097213A /* Project object */;
}
