// !$*UTF8*$!
{
	archiveVersion = 1;
	classes = {
	};
	objectVersion = 77;
	objects = {

/* Begin PBXBuildFile section */
		DAA487282DC1E6F4003581BF /* IKEHGitHubAPIClient in Frameworks */ = {isa = PBXBuildFile; productRef = DAA487272DC1E6F4003581BF /* IKEHGitHubAPIClient */; };
		DABD5A2A2DC1EB71005EDCE8 /* SDWebImageSwiftUI in Frameworks */ = {isa = PBXBuildFile; productRef = DABD5A292DC1EB71005EDCE8 /* SDWebImageSwiftUI */; };
/* End PBXBuildFile section */

/* Begin PBXContainerItemProxy section */
		DAA485AE2DC1C1B0003581BF /* PBXContainerItemProxy */ = {
			isa = PBXContainerItemProxy;
			containerPortal = DAA485982DC1C1AE003581BF /* Project object */;
			proxyType = 1;
			remoteGlobalIDString = DAA4859F2DC1C1AE003581BF;
			remoteInfo = GitHubRepositorySearch;
		};
		DAA485B82DC1C1B0003581BF /* PBXContainerItemProxy */ = {
			isa = PBXContainerItemProxy;
			containerPortal = DAA485982DC1C1AE003581BF /* Project object */;
			proxyType = 1;
			remoteGlobalIDString = DAA4859F2DC1C1AE003581BF;
			remoteInfo = GitHubRepositorySearch;
		};
/* End PBXContainerItemProxy section */

/* Begin PBXFileReference section */
		DAA485A02DC1C1AE003581BF /* GitHubRepositorySearch.app */ = {isa = PBXFileReference; explicitFileType = wrapper.application; includeInIndex = 0; path = GitHubRepositorySearch.app; sourceTree = BUILT_PRODUCTS_DIR; };
		DAA485AD2DC1C1B0003581BF /* GitHubRepositorySearchTests.xctest */ = {isa = PBXFileReference; explicitFileType = wrapper.cfbundle; includeInIndex = 0; path = GitHubRepositorySearchTests.xctest; sourceTree = BUILT_PRODUCTS_DIR; };
		DAA485B72DC1C1B0003581BF /* GitHubRepositorySearchUITests.xctest */ = {isa = PBXFileReference; explicitFileType = wrapper.cfbundle; includeInIndex = 0; path = GitHubRepositorySearchUITests.xctest; sourceTree = BUILT_PRODUCTS_DIR; };
/* End PBXFileReference section */

/* Begin PBXFileSystemSynchronizedBuildFileExceptionSet section */
		DAA4873F2DC1E856003581BF /* Exceptions for "GitHubRepositorySearch" folder in "GitHubRepositorySearch" target */ = {
			isa = PBXFileSystemSynchronizedBuildFileExceptionSet;
			membershipExceptions = (
				Info.plist,
			);
			target = DAA4859F2DC1C1AE003581BF /* GitHubRepositorySearch */;
		};
/* End PBXFileSystemSynchronizedBuildFileExceptionSet section */

/* Begin PBXFileSystemSynchronizedRootGroup section */
		DAA485A22DC1C1AE003581BF /* GitHubRepositorySearch */ = {
			isa = PBXFileSystemSynchronizedRootGroup;
			exceptions = (
				DAA4873F2DC1E856003581BF /* Exceptions for "GitHubRepositorySearch" folder in "GitHubRepositorySearch" target */,
			);
			path = GitHubRepositorySearch;
			sourceTree = "<group>";
		};
		DAA485B02DC1C1B0003581BF /* GitHubRepositorySearchTests */ = {
			isa = PBXFileSystemSynchronizedRootGroup;
			path = GitHubRepositorySearchTests;
			sourceTree = "<group>";
		};
		DAA485BA2DC1C1B0003581BF /* GitHubRepositorySearchUITests */ = {
			isa = PBXFileSystemSynchronizedRootGroup;
			path = GitHubRepositorySearchUITests;
			sourceTree = "<group>";
		};
/* End PBXFileSystemSynchronizedRootGroup section */

/* Begin PBXFrameworksBuildPhase section */
		DAA4859D2DC1C1AE003581BF /* Frameworks */ = {
			isa = PBXFrameworksBuildPhase;
			buildActionMask = 2147483647;
			files = (
				DABD5A2A2DC1EB71005EDCE8 /* SDWebImageSwiftUI in Frameworks */,
				DAA487282DC1E6F4003581BF /* IKEHGitHubAPIClient in Frameworks */,
			);
			runOnlyForDeploymentPostprocessing = 0;
		};
		DAA485AA2DC1C1B0003581BF /* Frameworks */ = {
			isa = PBXFrameworksBuildPhase;
			buildActionMask = 2147483647;
			files = (
			);
			runOnlyForDeploymentPostprocessing = 0;
		};
		DAA485B42DC1C1B0003581BF /* Frameworks */ = {
			isa = PBXFrameworksBuildPhase;
			buildActionMask = 2147483647;
			files = (
			);
			runOnlyForDeploymentPostprocessing = 0;
		};
/* End PBXFrameworksBuildPhase section */

/* Begin PBXGroup section */
		DAA485972DC1C1AE003581BF = {
			isa = PBXGroup;
			children = (
				DAA485A22DC1C1AE003581BF /* GitHubRepositorySearch */,
				DAA485B02DC1C1B0003581BF /* GitHubRepositorySearchTests */,
				DAA485BA2DC1C1B0003581BF /* GitHubRepositorySearchUITests */,
				DAA485A12DC1C1AE003581BF /* Products */,
			);
			sourceTree = "<group>";
		};
		DAA485A12DC1C1AE003581BF /* Products */ = {
			isa = PBXGroup;
			children = (
				DAA485A02DC1C1AE003581BF /* GitHubRepositorySearch.app */,
				DAA485AD2DC1C1B0003581BF /* GitHubRepositorySearchTests.xctest */,
				DAA485B72DC1C1B0003581BF /* GitHubRepositorySearchUITests.xctest */,
			);
			name = Products;
			sourceTree = "<group>";
		};
/* End PBXGroup section */

/* Begin PBXNativeTarget section */
		DAA4859F2DC1C1AE003581BF /* GitHubRepositorySearch */ = {
			isa = PBXNativeTarget;
			buildConfigurationList = DAA485C12DC1C1B0003581BF /* Build configuration list for PBXNativeTarget "GitHubRepositorySearch" */;
			buildPhases = (
				DAA4859C2DC1C1AE003581BF /* Sources */,
				DAA4859D2DC1C1AE003581BF /* Frameworks */,
				DAA4859E2DC1C1AE003581BF /* Resources */,
			);
			buildRules = (
			);
			dependencies = (
			);
			fileSystemSynchronizedGroups = (
				DAA485A22DC1C1AE003581BF /* GitHubRepositorySearch */,
			);
			name = GitHubRepositorySearch;
			packageProductDependencies = (
				DAA487272DC1E6F4003581BF /* IKEHGitHubAPIClient */,
				DABD5A292DC1EB71005EDCE8 /* SDWebImageSwiftUI */,
			);
			productName = GitHubRepositorySearch;
			productReference = DAA485A02DC1C1AE003581BF /* GitHubRepositorySearch.app */;
			productType = "com.apple.product-type.application";
		};
		DAA485AC2DC1C1B0003581BF /* GitHubRepositorySearchTests */ = {
			isa = PBXNativeTarget;
			buildConfigurationList = DAA485C42DC1C1B0003581BF /* Build configuration list for PBXNativeTarget "GitHubRepositorySearchTests" */;
			buildPhases = (
				DAA485A92DC1C1B0003581BF /* Sources */,
				DAA485AA2DC1C1B0003581BF /* Frameworks */,
				DAA485AB2DC1C1B0003581BF /* Resources */,
			);
			buildRules = (
			);
			dependencies = (
				DAA485AF2DC1C1B0003581BF /* PBXTargetDependency */,
			);
			fileSystemSynchronizedGroups = (
				DAA485B02DC1C1B0003581BF /* GitHubRepositorySearchTests */,
			);
			name = GitHubRepositorySearchTests;
			packageProductDependencies = (
			);
			productName = GitHubRepositorySearchTests;
			productReference = DAA485AD2DC1C1B0003581BF /* GitHubRepositorySearchTests.xctest */;
			productType = "com.apple.product-type.bundle.unit-test";
		};
		DAA485B62DC1C1B0003581BF /* GitHubRepositorySearchUITests */ = {
			isa = PBXNativeTarget;
			buildConfigurationList = DAA485C72DC1C1B0003581BF /* Build configuration list for PBXNativeTarget "GitHubRepositorySearchUITests" */;
			buildPhases = (
				DAA485B32DC1C1B0003581BF /* Sources */,
				DAA485B42DC1C1B0003581BF /* Frameworks */,
				DAA485B52DC1C1B0003581BF /* Resources */,
			);
			buildRules = (
			);
			dependencies = (
				DAA485B92DC1C1B0003581BF /* PBXTargetDependency */,
			);
			fileSystemSynchronizedGroups = (
				DAA485BA2DC1C1B0003581BF /* GitHubRepositorySearchUITests */,
			);
			name = GitHubRepositorySearchUITests;
			packageProductDependencies = (
			);
			productName = GitHubRepositorySearchUITests;
			productReference = DAA485B72DC1C1B0003581BF /* GitHubRepositorySearchUITests.xctest */;
			productType = "com.apple.product-type.bundle.ui-testing";
		};
/* End PBXNativeTarget section */

/* Begin PBXProject section */
		DAA485982DC1C1AE003581BF /* Project object */ = {
			isa = PBXProject;
			attributes = {
				BuildIndependentTargetsInParallel = 1;
				LastSwiftUpdateCheck = 1630;
				LastUpgradeCheck = 1630;
				TargetAttributes = {
					DAA4859F2DC1C1AE003581BF = {
						CreatedOnToolsVersion = 16.3;
					};
					DAA485AC2DC1C1B0003581BF = {
						CreatedOnToolsVersion = 16.3;
						TestTargetID = DAA4859F2DC1C1AE003581BF;
					};
					DAA485B62DC1C1B0003581BF = {
						CreatedOnToolsVersion = 16.3;
						TestTargetID = DAA4859F2DC1C1AE003581BF;
					};
				};
			};
			buildConfigurationList = DAA4859B2DC1C1AE003581BF /* Build configuration list for PBXProject "GitHubRepositorySearch" */;
			developmentRegion = en;
			hasScannedForEncodings = 0;
			knownRegions = (
				en,
				Base,
			);
			mainGroup = DAA485972DC1C1AE003581BF;
			minimizedProjectReferenceProxies = 1;
			packageReferences = (
				DAA487262DC1E6F4003581BF /* XCRemoteSwiftPackageReference "ikeh-github-api-client" */,
				DABD5A282DC1EB71005EDCE8 /* XCRemoteSwiftPackageReference "SDWebImageSwiftUI" */,
			);
			preferredProjectObjectVersion = 77;
			productRefGroup = DAA485A12DC1C1AE003581BF /* Products */;
			projectDirPath = "";
			projectRoot = "";
			targets = (
				DAA4859F2DC1C1AE003581BF /* GitHubRepositorySearch */,
				DAA485AC2DC1C1B0003581BF /* GitHubRepositorySearchTests */,
				DAA485B62DC1C1B0003581BF /* GitHubRepositorySearchUITests */,
			);
		};
/* End PBXProject section */

/* Begin PBXResourcesBuildPhase section */
		DAA4859E2DC1C1AE003581BF /* Resources */ = {
			isa = PBXResourcesBuildPhase;
			buildActionMask = 2147483647;
			files = (
			);
			runOnlyForDeploymentPostprocessing = 0;
		};
		DAA485AB2DC1C1B0003581BF /* Resources */ = {
			isa = PBXResourcesBuildPhase;
			buildActionMask = 2147483647;
			files = (
			);
			runOnlyForDeploymentPostprocessing = 0;
		};
		DAA485B52DC1C1B0003581BF /* Resources */ = {
			isa = PBXResourcesBuildPhase;
			buildActionMask = 2147483647;
			files = (
			);
			runOnlyForDeploymentPostprocessing = 0;
		};
/* End PBXResourcesBuildPhase section */

/* Begin PBXSourcesBuildPhase section */
		DAA4859C2DC1C1AE003581BF /* Sources */ = {
			isa = PBXSourcesBuildPhase;
			buildActionMask = 2147483647;
			files = (
			);
			runOnlyForDeploymentPostprocessing = 0;
		};
		DAA485A92DC1C1B0003581BF /* Sources */ = {
			isa = PBXSourcesBuildPhase;
			buildActionMask = 2147483647;
			files = (
			);
			runOnlyForDeploymentPostprocessing = 0;
		};
		DAA485B32DC1C1B0003581BF /* Sources */ = {
			isa = PBXSourcesBuildPhase;
			buildActionMask = 2147483647;
			files = (
			);
			runOnlyForDeploymentPostprocessing = 0;
		};
/* End PBXSourcesBuildPhase section */

/* Begin PBXTargetDependency section */
		DAA485AF2DC1C1B0003581BF /* PBXTargetDependency */ = {
			isa = PBXTargetDependency;
			target = DAA4859F2DC1C1AE003581BF /* GitHubRepositorySearch */;
			targetProxy = DAA485AE2DC1C1B0003581BF /* PBXContainerItemProxy */;
		};
		DAA485B92DC1C1B0003581BF /* PBXTargetDependency */ = {
			isa = PBXTargetDependency;
			target = DAA4859F2DC1C1AE003581BF /* GitHubRepositorySearch */;
			targetProxy = DAA485B82DC1C1B0003581BF /* PBXContainerItemProxy */;
		};
/* End PBXTargetDependency section */

/* Begin XCBuildConfiguration section */
		DAA485BF2DC1C1B0003581BF /* Debug */ = {
			isa = XCBuildConfiguration;
			buildSettings = {
				ALWAYS_SEARCH_USER_PATHS = NO;
				ASSETCATALOG_COMPILER_GENERATE_SWIFT_ASSET_SYMBOL_EXTENSIONS = YES;
				CLANG_ANALYZER_NONNULL = YES;
				CLANG_ANALYZER_NUMBER_OBJECT_CONVERSION = YES_AGGRESSIVE;
				CLANG_CXX_LANGUAGE_STANDARD = "gnu++20";
				CLANG_ENABLE_MODULES = YES;
				CLANG_ENABLE_OBJC_ARC = YES;
				CLANG_ENABLE_OBJC_WEAK = YES;
				CLANG_WARN_BLOCK_CAPTURE_AUTORELEASING = YES;
				CLANG_WARN_BOOL_CONVERSION = YES;
				CLANG_WARN_COMMA = YES;
				CLANG_WARN_CONSTANT_CONVERSION = YES;
				CLANG_WARN_DEPRECATED_OBJC_IMPLEMENTATIONS = YES;
				CLANG_WARN_DIRECT_OBJC_ISA_USAGE = YES_ERROR;
				CLANG_WARN_DOCUMENTATION_COMMENTS = YES;
				CLANG_WARN_EMPTY_BODY = YES;
				CLANG_WARN_ENUM_CONVERSION = YES;
				CLANG_WARN_INFINITE_RECURSION = YES;
				CLANG_WARN_INT_CONVERSION = YES;
				CLANG_WARN_NON_LITERAL_NULL_CONVERSION = YES;
				CLANG_WARN_OBJC_IMPLICIT_RETAIN_SELF = YES;
				CLANG_WARN_OBJC_LITERAL_CONVERSION = YES;
				CLANG_WARN_OBJC_ROOT_CLASS = YES_ERROR;
				CLANG_WARN_QUOTED_INCLUDE_IN_FRAMEWORK_HEADER = YES;
				CLANG_WARN_RANGE_LOOP_ANALYSIS = YES;
				CLANG_WARN_STRICT_PROTOTYPES = YES;
				CLANG_WARN_SUSPICIOUS_MOVE = YES;
				CLANG_WARN_UNGUARDED_AVAILABILITY = YES_AGGRESSIVE;
				CLANG_WARN_UNREACHABLE_CODE = YES;
				CLANG_WARN__DUPLICATE_METHOD_MATCH = YES;
				COPY_PHASE_STRIP = NO;
				DEBUG_INFORMATION_FORMAT = dwarf;
				DEVELOPMENT_TEAM = BWMJMJK727;
				ENABLE_STRICT_OBJC_MSGSEND = YES;
				ENABLE_TESTABILITY = YES;
				ENABLE_USER_SCRIPT_SANDBOXING = YES;
				GCC_C_LANGUAGE_STANDARD = gnu17;
				GCC_DYNAMIC_NO_PIC = NO;
				GCC_NO_COMMON_BLOCKS = YES;
				GCC_OPTIMIZATION_LEVEL = 0;
				GCC_PREPROCESSOR_DEFINITIONS = (
					"DEBUG=1",
					"$(inherited)",
				);
				GCC_WARN_64_TO_32_BIT_CONVERSION = YES;
				GCC_WARN_ABOUT_RETURN_TYPE = YES_ERROR;
				GCC_WARN_UNDECLARED_SELECTOR = YES;
				GCC_WARN_UNINITIALIZED_AUTOS = YES_AGGRESSIVE;
				GCC_WARN_UNUSED_FUNCTION = YES;
				GCC_WARN_UNUSED_VARIABLE = YES;
				IPHONEOS_DEPLOYMENT_TARGET = 18.4;
				LOCALIZATION_PREFERS_STRING_CATALOGS = YES;
				MTL_ENABLE_DEBUG_INFO = INCLUDE_SOURCE;
				MTL_FAST_MATH = YES;
				ONLY_ACTIVE_ARCH = YES;
				SDKROOT = iphoneos;
				SWIFT_ACTIVE_COMPILATION_CONDITIONS = "DEBUG $(inherited)";
				SWIFT_OPTIMIZATION_LEVEL = "-Onone";
			};
			name = Debug;
		};
		DAA485C02DC1C1B0003581BF /* Release */ = {
			isa = XCBuildConfiguration;
			buildSettings = {
				ALWAYS_SEARCH_USER_PATHS = NO;
				ASSETCATALOG_COMPILER_GENERATE_SWIFT_ASSET_SYMBOL_EXTENSIONS = YES;
				CLANG_ANALYZER_NONNULL = YES;
				CLANG_ANALYZER_NUMBER_OBJECT_CONVERSION = YES_AGGRESSIVE;
				CLANG_CXX_LANGUAGE_STANDARD = "gnu++20";
				CLANG_ENABLE_MODULES = YES;
				CLANG_ENABLE_OBJC_ARC = YES;
				CLANG_ENABLE_OBJC_WEAK = YES;
				CLANG_WARN_BLOCK_CAPTURE_AUTORELEASING = YES;
				CLANG_WARN_BOOL_CONVERSION = YES;
				CLANG_WARN_COMMA = YES;
				CLANG_WARN_CONSTANT_CONVERSION = YES;
				CLANG_WARN_DEPRECATED_OBJC_IMPLEMENTATIONS = YES;
				CLANG_WARN_DIRECT_OBJC_ISA_USAGE = YES_ERROR;
				CLANG_WARN_DOCUMENTATION_COMMENTS = YES;
				CLANG_WARN_EMPTY_BODY = YES;
				CLANG_WARN_ENUM_CONVERSION = YES;
				CLANG_WARN_INFINITE_RECURSION = YES;
				CLANG_WARN_INT_CONVERSION = YES;
				CLANG_WARN_NON_LITERAL_NULL_CONVERSION = YES;
				CLANG_WARN_OBJC_IMPLICIT_RETAIN_SELF = YES;
				CLANG_WARN_OBJC_LITERAL_CONVERSION = YES;
				CLANG_WARN_OBJC_ROOT_CLASS = YES_ERROR;
				CLANG_WARN_QUOTED_INCLUDE_IN_FRAMEWORK_HEADER = YES;
				CLANG_WARN_RANGE_LOOP_ANALYSIS = YES;
				CLANG_WARN_STRICT_PROTOTYPES = YES;
				CLANG_WARN_SUSPICIOUS_MOVE = YES;
				CLANG_WARN_UNGUARDED_AVAILABILITY = YES_AGGRESSIVE;
				CLANG_WARN_UNREACHABLE_CODE = YES;
				CLANG_WARN__DUPLICATE_METHOD_MATCH = YES;
				COPY_PHASE_STRIP = NO;
				DEBUG_INFORMATION_FORMAT = "dwarf-with-dsym";
				DEVELOPMENT_TEAM = BWMJMJK727;
				ENABLE_NS_ASSERTIONS = NO;
				ENABLE_STRICT_OBJC_MSGSEND = YES;
				ENABLE_USER_SCRIPT_SANDBOXING = YES;
				GCC_C_LANGUAGE_STANDARD = gnu17;
				GCC_NO_COMMON_BLOCKS = YES;
				GCC_WARN_64_TO_32_BIT_CONVERSION = YES;
				GCC_WARN_ABOUT_RETURN_TYPE = YES_ERROR;
				GCC_WARN_UNDECLARED_SELECTOR = YES;
				GCC_WARN_UNINITIALIZED_AUTOS = YES_AGGRESSIVE;
				GCC_WARN_UNUSED_FUNCTION = YES;
				GCC_WARN_UNUSED_VARIABLE = YES;
				IPHONEOS_DEPLOYMENT_TARGET = 18.4;
				LOCALIZATION_PREFERS_STRING_CATALOGS = YES;
				MTL_ENABLE_DEBUG_INFO = NO;
				MTL_FAST_MATH = YES;
				SDKROOT = iphoneos;
				SWIFT_COMPILATION_MODE = wholemodule;
				VALIDATE_PRODUCT = YES;
			};
			name = Release;
		};
		DAA485C22DC1C1B0003581BF /* Debug */ = {
			isa = XCBuildConfiguration;
			buildSettings = {
				ASSETCATALOG_COMPILER_APPICON_NAME = AppIcon;
				ASSETCATALOG_COMPILER_GLOBAL_ACCENT_COLOR_NAME = AccentColor;
				CODE_SIGN_STYLE = Automatic;
				CURRENT_PROJECT_VERSION = 1;
				DEVELOPMENT_TEAM = BWMJMJK727;
				ENABLE_PREVIEWS = YES;
				GENERATE_INFOPLIST_FILE = YES;
				INFOPLIST_FILE = GitHubRepositorySearch/Info.plist;
				INFOPLIST_KEY_UIApplicationSceneManifest_Generation = YES;
				INFOPLIST_KEY_UIApplicationSupportsIndirectInputEvents = YES;
				INFOPLIST_KEY_UILaunchScreen_Generation = YES;
				INFOPLIST_KEY_UISupportedInterfaceOrientations_iPad = "UIInterfaceOrientationPortrait UIInterfaceOrientationPortraitUpsideDown UIInterfaceOrientationLandscapeLeft UIInterfaceOrientationLandscapeRight";
				INFOPLIST_KEY_UISupportedInterfaceOrientations_iPhone = "UIInterfaceOrientationPortrait UIInterfaceOrientationLandscapeLeft UIInterfaceOrientationLandscapeRight";
				LD_RUNPATH_SEARCH_PATHS = (
					"$(inherited)",
					"@executable_path/Frameworks",
				);
				MARKETING_VERSION = 1.0;
				PRODUCT_BUNDLE_IDENTIFIER = com.ikeh1024.GitHubRepositorySearch;
				PRODUCT_NAME = "$(TARGET_NAME)";
				SWIFT_EMIT_LOC_STRINGS = YES;
				SWIFT_VERSION = 5.0;
				TARGETED_DEVICE_FAMILY = "1,2";
			};
			name = Debug;
		};
		DAA485C32DC1C1B0003581BF /* Release */ = {
			isa = XCBuildConfiguration;
			buildSettings = {
				ASSETCATALOG_COMPILER_APPICON_NAME = AppIcon;
				ASSETCATALOG_COMPILER_GLOBAL_ACCENT_COLOR_NAME = AccentColor;
				CODE_SIGN_STYLE = Automatic;
				CURRENT_PROJECT_VERSION = 1;
				DEVELOPMENT_TEAM = BWMJMJK727;
				ENABLE_PREVIEWS = YES;
				GENERATE_INFOPLIST_FILE = YES;
				INFOPLIST_FILE = GitHubRepositorySearch/Info.plist;
				INFOPLIST_KEY_UIApplicationSceneManifest_Generation = YES;
				INFOPLIST_KEY_UIApplicationSupportsIndirectInputEvents = YES;
				INFOPLIST_KEY_UILaunchScreen_Generation = YES;
				INFOPLIST_KEY_UISupportedInterfaceOrientations_iPad = "UIInterfaceOrientationPortrait UIInterfaceOrientationPortraitUpsideDown UIInterfaceOrientationLandscapeLeft UIInterfaceOrientationLandscapeRight";
				INFOPLIST_KEY_UISupportedInterfaceOrientations_iPhone = "UIInterfaceOrientationPortrait UIInterfaceOrientationLandscapeLeft UIInterfaceOrientationLandscapeRight";
				LD_RUNPATH_SEARCH_PATHS = (
					"$(inherited)",
					"@executable_path/Frameworks",
				);
				MARKETING_VERSION = 1.0;
				PRODUCT_BUNDLE_IDENTIFIER = com.ikeh1024.GitHubRepositorySearch;
				PRODUCT_NAME = "$(TARGET_NAME)";
				SWIFT_EMIT_LOC_STRINGS = YES;
				SWIFT_VERSION = 5.0;
				TARGETED_DEVICE_FAMILY = "1,2";
			};
			name = Release;
		};
		DAA485C52DC1C1B0003581BF /* Debug */ = {
			isa = XCBuildConfiguration;
			buildSettings = {
				BUNDLE_LOADER = "$(TEST_HOST)";
				CODE_SIGN_STYLE = Automatic;
				CURRENT_PROJECT_VERSION = 1;
				DEVELOPMENT_TEAM = BWMJMJK727;
				GENERATE_INFOPLIST_FILE = YES;
				IPHONEOS_DEPLOYMENT_TARGET = 18.4;
				MARKETING_VERSION = 1.0;
				PRODUCT_BUNDLE_IDENTIFIER = com.ikeh1024.GitHubRepositorySearchTests;
				PRODUCT_NAME = "$(TARGET_NAME)";
				SWIFT_EMIT_LOC_STRINGS = NO;
				SWIFT_VERSION = 5.0;
				TARGETED_DEVICE_FAMILY = "1,2";
				TEST_HOST = "$(BUILT_PRODUCTS_DIR)/GitHubRepositorySearch.app/$(BUNDLE_EXECUTABLE_FOLDER_PATH)/GitHubRepositorySearch";
			};
			name = Debug;
		};
		DAA485C62DC1C1B0003581BF /* Release */ = {
			isa = XCBuildConfiguration;
			buildSettings = {
				BUNDLE_LOADER = "$(TEST_HOST)";
				CODE_SIGN_STYLE = Automatic;
				CURRENT_PROJECT_VERSION = 1;
				DEVELOPMENT_TEAM = BWMJMJK727;
				GENERATE_INFOPLIST_FILE = YES;
				IPHONEOS_DEPLOYMENT_TARGET = 18.4;
				MARKETING_VERSION = 1.0;
				PRODUCT_BUNDLE_IDENTIFIER = com.ikeh1024.GitHubRepositorySearchTests;
				PRODUCT_NAME = "$(TARGET_NAME)";
				SWIFT_EMIT_LOC_STRINGS = NO;
				SWIFT_VERSION = 5.0;
				TARGETED_DEVICE_FAMILY = "1,2";
				TEST_HOST = "$(BUILT_PRODUCTS_DIR)/GitHubRepositorySearch.app/$(BUNDLE_EXECUTABLE_FOLDER_PATH)/GitHubRepositorySearch";
			};
			name = Release;
		};
		DAA485C82DC1C1B0003581BF /* Debug */ = {
			isa = XCBuildConfiguration;
			buildSettings = {
				CODE_SIGN_STYLE = Automatic;
				CURRENT_PROJECT_VERSION = 1;
				DEVELOPMENT_TEAM = BWMJMJK727;
				GENERATE_INFOPLIST_FILE = YES;
				MARKETING_VERSION = 1.0;
				PRODUCT_BUNDLE_IDENTIFIER = com.ikeh1024.GitHubRepositorySearchUITests;
				PRODUCT_NAME = "$(TARGET_NAME)";
				SWIFT_EMIT_LOC_STRINGS = NO;
				SWIFT_VERSION = 5.0;
				TARGETED_DEVICE_FAMILY = "1,2";
				TEST_TARGET_NAME = GitHubRepositorySearch;
			};
			name = Debug;
		};
		DAA485C92DC1C1B0003581BF /* Release */ = {
			isa = XCBuildConfiguration;
			buildSettings = {
				CODE_SIGN_STYLE = Automatic;
				CURRENT_PROJECT_VERSION = 1;
				DEVELOPMENT_TEAM = BWMJMJK727;
				GENERATE_INFOPLIST_FILE = YES;
				MARKETING_VERSION = 1.0;
				PRODUCT_BUNDLE_IDENTIFIER = com.ikeh1024.GitHubRepositorySearchUITests;
				PRODUCT_NAME = "$(TARGET_NAME)";
				SWIFT_EMIT_LOC_STRINGS = NO;
				SWIFT_VERSION = 5.0;
				TARGETED_DEVICE_FAMILY = "1,2";
				TEST_TARGET_NAME = GitHubRepositorySearch;
			};
			name = Release;
		};
/* End XCBuildConfiguration section */

/* Begin XCConfigurationList section */
		DAA4859B2DC1C1AE003581BF /* Build configuration list for PBXProject "GitHubRepositorySearch" */ = {
			isa = XCConfigurationList;
			buildConfigurations = (
				DAA485BF2DC1C1B0003581BF /* Debug */,
				DAA485C02DC1C1B0003581BF /* Release */,
			);
			defaultConfigurationIsVisible = 0;
			defaultConfigurationName = Release;
		};
		DAA485C12DC1C1B0003581BF /* Build configuration list for PBXNativeTarget "GitHubRepositorySearch" */ = {
			isa = XCConfigurationList;
			buildConfigurations = (
				DAA485C22DC1C1B0003581BF /* Debug */,
				DAA485C32DC1C1B0003581BF /* Release */,
			);
			defaultConfigurationIsVisible = 0;
			defaultConfigurationName = Release;
		};
		DAA485C42DC1C1B0003581BF /* Build configuration list for PBXNativeTarget "GitHubRepositorySearchTests" */ = {
			isa = XCConfigurationList;
			buildConfigurations = (
				DAA485C52DC1C1B0003581BF /* Debug */,
				DAA485C62DC1C1B0003581BF /* Release */,
			);
			defaultConfigurationIsVisible = 0;
			defaultConfigurationName = Release;
		};
		DAA485C72DC1C1B0003581BF /* Build configuration list for PBXNativeTarget "GitHubRepositorySearchUITests" */ = {
			isa = XCConfigurationList;
			buildConfigurations = (
				DAA485C82DC1C1B0003581BF /* Debug */,
				DAA485C92DC1C1B0003581BF /* Release */,
			);
			defaultConfigurationIsVisible = 0;
			defaultConfigurationName = Release;
		};
/* End XCConfigurationList section */

/* Begin XCRemoteSwiftPackageReference section */
		DAA487262DC1E6F4003581BF /* XCRemoteSwiftPackageReference "ikeh-github-api-client" */ = {
			isa = XCRemoteSwiftPackageReference;
			repositoryURL = "https://github.com/pommdau/ikeh-github-api-client";
			requirement = {
				kind = upToNextMajorVersion;
				minimumVersion = 1.0.0;
			};
		};
		DABD5A282DC1EB71005EDCE8 /* XCRemoteSwiftPackageReference "SDWebImageSwiftUI" */ = {
			isa = XCRemoteSwiftPackageReference;
			repositoryURL = "https://github.com/SDWebImage/SDWebImageSwiftUI";
			requirement = {
				kind = upToNextMajorVersion;
				minimumVersion = 3.1.3;
			};
		};
/* End XCRemoteSwiftPackageReference section */

/* Begin XCSwiftPackageProductDependency section */
		DAA487272DC1E6F4003581BF /* IKEHGitHubAPIClient */ = {
			isa = XCSwiftPackageProductDependency;
			package = DAA487262DC1E6F4003581BF /* XCRemoteSwiftPackageReference "ikeh-github-api-client" */;
			productName = IKEHGitHubAPIClient;
		};
		DABD5A292DC1EB71005EDCE8 /* SDWebImageSwiftUI */ = {
			isa = XCSwiftPackageProductDependency;
			package = DABD5A282DC1EB71005EDCE8 /* XCRemoteSwiftPackageReference "SDWebImageSwiftUI" */;
			productName = SDWebImageSwiftUI;
		};
/* End XCSwiftPackageProductDependency section */
	};
	rootObject = DAA485982DC1C1AE003581BF /* Project object */;
}
