// !$*UTF8*$!
{
	archiveVersion = 1;
	classes = {
	};
	objectVersion = 77;
	objects = {

/* Begin PBXBuildFile section */
		DA30BE3E2DD22A4F0038394C /* .swiftlint.yml in Resources */ = {isa = PBXBuildFile; fileRef = DA30BDF42DD22A4F0038394C /* .swiftlint.yml */; };
		DA44E0D32DCA02F0001EDD36 /* KeychainAccess in Frameworks */ = {isa = PBXBuildFile; productRef = DA44E0D22DCA02F0001EDD36 /* KeychainAccess */; };
		DA8BECE92DCA42C6002983CA /* RswiftLibrary in Frameworks */ = {isa = PBXBuildFile; productRef = DA8BECE82DCA42C6002983CA /* RswiftLibrary */; };
		DA8BEDC12DCA4BF4002983CA /* Shimmer in Frameworks */ = {isa = PBXBuildFile; productRef = DA8BEDC02DCA4BF4002983CA /* Shimmer */; };
		DAA487282DC1E6F4003581BF /* IKEHGitHubAPIClient in Frameworks */ = {isa = PBXBuildFile; productRef = DAA487272DC1E6F4003581BF /* IKEHGitHubAPIClient */; };
		DABD5A2A2DC1EB71005EDCE8 /* SDWebImageSwiftUI in Frameworks */ = {isa = PBXBuildFile; productRef = DABD5A292DC1EB71005EDCE8 /* SDWebImageSwiftUI */; };
		DAC342BB2DD32C3B0086BC09 /* ConcurrencyExtras in Frameworks */ = {isa = PBXBuildFile; productRef = DAC342BA2DD32C3B0086BC09 /* ConcurrencyExtras */; };
/* End PBXBuildFile section */

/* Begin PBXContainerItemProxy section */
		DA5F1BB22DD3082000AACB2F /* PBXContainerItemProxy */ = {
			isa = PBXContainerItemProxy;
			containerPortal = DAA485982DC1C1AE003581BF /* Project object */;
			proxyType = 1;
			remoteGlobalIDString = DAA4859F2DC1C1AE003581BF;
			remoteInfo = GitHubRepositorySearch;
		};
/* End PBXContainerItemProxy section */

/* Begin PBXFileReference section */
		DA30BDF42DD22A4F0038394C /* .swiftlint.yml */ = {isa = PBXFileReference; lastKnownFileType = text.yaml; path = .swiftlint.yml; sourceTree = "<group>"; };
		DA5F1BAE2DD3082000AACB2F /* GitHubRepositorySearchUnitTests.xctest */ = {isa = PBXFileReference; explicitFileType = wrapper.cfbundle; includeInIndex = 0; path = GitHubRepositorySearchUnitTests.xctest; sourceTree = BUILT_PRODUCTS_DIR; };
		DAA485A02DC1C1AE003581BF /* GitHubRepositorySearch.app */ = {isa = PBXFileReference; explicitFileType = wrapper.application; includeInIndex = 0; path = GitHubRepositorySearch.app; sourceTree = BUILT_PRODUCTS_DIR; };
/* End PBXFileReference section */

/* Begin PBXFileSystemSynchronizedBuildFileExceptionSet section */
		DAA4873F2DC1E856003581BF /* Exceptions for "GitHubRepositorySearch" folder in "GitHubRepositorySearch" target */ = {
			isa = PBXFileSystemSynchronizedBuildFileExceptionSet;
			membershipExceptions = (
				Resources/Info.plist,
			);
			target = DAA4859F2DC1C1AE003581BF /* GitHubRepositorySearch */;
		};
/* End PBXFileSystemSynchronizedBuildFileExceptionSet section */

/* Begin PBXFileSystemSynchronizedRootGroup section */
		DA5F1BAF2DD3082000AACB2F /* GitHubRepositorySearchUnitTests */ = {
			isa = PBXFileSystemSynchronizedRootGroup;
			path = GitHubRepositorySearchUnitTests;
			sourceTree = "<group>";
		};
		DAA485A22DC1C1AE003581BF /* GitHubRepositorySearch */ = {
			isa = PBXFileSystemSynchronizedRootGroup;
			exceptions = (
				DAA4873F2DC1E856003581BF /* Exceptions for "GitHubRepositorySearch" folder in "GitHubRepositorySearch" target */,
			);
			path = GitHubRepositorySearch;
			sourceTree = "<group>";
		};
		DAA485BA2DC1C1B0003581BF /* GitHubRepositorySearchUITests */ = {
			isa = PBXFileSystemSynchronizedRootGroup;
			path = GitHubRepositorySearchUITests;
			sourceTree = "<group>";
		};
/* End PBXFileSystemSynchronizedRootGroup section */

/* Begin PBXFrameworksBuildPhase section */
		DA5F1BAB2DD3082000AACB2F /* Frameworks */ = {
			isa = PBXFrameworksBuildPhase;
			buildActionMask = 2147483647;
			files = (
				DAC342BB2DD32C3B0086BC09 /* ConcurrencyExtras in Frameworks */,
			);
			runOnlyForDeploymentPostprocessing = 0;
		};
		DAA4859D2DC1C1AE003581BF /* Frameworks */ = {
			isa = PBXFrameworksBuildPhase;
			buildActionMask = 2147483647;
			files = (
				DA8BEDC12DCA4BF4002983CA /* Shimmer in Frameworks */,
				DA8BECE92DCA42C6002983CA /* RswiftLibrary in Frameworks */,
				DABD5A2A2DC1EB71005EDCE8 /* SDWebImageSwiftUI in Frameworks */,
				DAA487282DC1E6F4003581BF /* IKEHGitHubAPIClient in Frameworks */,
				DA44E0D32DCA02F0001EDD36 /* KeychainAccess in Frameworks */,
			);
			runOnlyForDeploymentPostprocessing = 0;
		};
/* End PBXFrameworksBuildPhase section */

/* Begin PBXGroup section */
		DAA485972DC1C1AE003581BF = {
			isa = PBXGroup;
			children = (
				DAA485A22DC1C1AE003581BF /* GitHubRepositorySearch */,
				DAA485BA2DC1C1B0003581BF /* GitHubRepositorySearchUITests */,
				DA5F1BAF2DD3082000AACB2F /* GitHubRepositorySearchUnitTests */,
				DAA485A12DC1C1AE003581BF /* Products */,
				DA30BDF42DD22A4F0038394C /* .swiftlint.yml */,
			);
			sourceTree = "<group>";
		};
		DAA485A12DC1C1AE003581BF /* Products */ = {
			isa = PBXGroup;
			children = (
				DAA485A02DC1C1AE003581BF /* GitHubRepositorySearch.app */,
				DA5F1BAE2DD3082000AACB2F /* GitHubRepositorySearchUnitTests.xctest */,
			);
			name = Products;
			sourceTree = "<group>";
		};
/* End PBXGroup section */

/* Begin PBXNativeTarget section */
		DA5F1BAD2DD3082000AACB2F /* GitHubRepositorySearchUnitTests */ = {
			isa = PBXNativeTarget;
			buildConfigurationList = DA5F1BB42DD3082000AACB2F /* Build configuration list for PBXNativeTarget "GitHubRepositorySearchUnitTests" */;
			buildPhases = (
				DA5F1BAA2DD3082000AACB2F /* Sources */,
				DA5F1BAB2DD3082000AACB2F /* Frameworks */,
				DA5F1BAC2DD3082000AACB2F /* Resources */,
			);
			buildRules = (
			);
			dependencies = (
				DA5F1BB32DD3082000AACB2F /* PBXTargetDependency */,
			);
			fileSystemSynchronizedGroups = (
				DA5F1BAF2DD3082000AACB2F /* GitHubRepositorySearchUnitTests */,
			);
			name = GitHubRepositorySearchUnitTests;
			packageProductDependencies = (
				DAC342BA2DD32C3B0086BC09 /* ConcurrencyExtras */,
			);
			productName = GitHubRepositorySearchUnitTests;
			productReference = DA5F1BAE2DD3082000AACB2F /* GitHubRepositorySearchUnitTests.xctest */;
			productType = "com.apple.product-type.bundle.unit-test";
		};
		DAA4859F2DC1C1AE003581BF /* GitHubRepositorySearch */ = {
			isa = PBXNativeTarget;
			buildConfigurationList = DAA485C12DC1C1B0003581BF /* Build configuration list for PBXNativeTarget "GitHubRepositorySearch" */;
			buildPhases = (
				DAA4859C2DC1C1AE003581BF /* Sources */,
				DAA4859D2DC1C1AE003581BF /* Frameworks */,
				DAA4859E2DC1C1AE003581BF /* Resources */,
				DABA8CCD2DCA3F740075CE7C /* ShellScript */,
			);
			buildRules = (
			);
			dependencies = (
				DA8BECEB2DCA42FA002983CA /* PBXTargetDependency */,
			);
			fileSystemSynchronizedGroups = (
				DAA485A22DC1C1AE003581BF /* GitHubRepositorySearch */,
			);
			name = GitHubRepositorySearch;
			packageProductDependencies = (
				DAA487272DC1E6F4003581BF /* IKEHGitHubAPIClient */,
				DABD5A292DC1EB71005EDCE8 /* SDWebImageSwiftUI */,
				DA44E0D22DCA02F0001EDD36 /* KeychainAccess */,
				DA8BECE82DCA42C6002983CA /* RswiftLibrary */,
				DA8BEDC02DCA4BF4002983CA /* Shimmer */,
			);
			productName = GitHubRepositorySearch;
			productReference = DAA485A02DC1C1AE003581BF /* GitHubRepositorySearch.app */;
			productType = "com.apple.product-type.application";
		};
/* End PBXNativeTarget section */

/* Begin PBXProject section */
		DAA485982DC1C1AE003581BF /* Project object */ = {
			isa = PBXProject;
			attributes = {
				BuildIndependentTargetsInParallel = 1;
				LastSwiftUpdateCheck = 1620;
				LastUpgradeCheck = 1630;
				TargetAttributes = {
					DA5F1BAD2DD3082000AACB2F = {
						CreatedOnToolsVersion = 16.2;
						TestTargetID = DAA4859F2DC1C1AE003581BF;
					};
					DAA4859F2DC1C1AE003581BF = {
						CreatedOnToolsVersion = 16.3;
					};
				};
			};
			buildConfigurationList = DAA4859B2DC1C1AE003581BF /* Build configuration list for PBXProject "GitHubRepositorySearch" */;
			developmentRegion = en;
			hasScannedForEncodings = 0;
			knownRegions = (
				en,
				Base,
			);
			mainGroup = DAA485972DC1C1AE003581BF;
			minimizedProjectReferenceProxies = 1;
			packageReferences = (
				DAA487262DC1E6F4003581BF /* XCRemoteSwiftPackageReference "ikeh-github-api-client" */,
				DABD5A282DC1EB71005EDCE8 /* XCRemoteSwiftPackageReference "SDWebImageSwiftUI" */,
				DA44E0D12DCA02F0001EDD36 /* XCRemoteSwiftPackageReference "KeychainAccess" */,
				DA8BECE72DCA42C6002983CA /* XCRemoteSwiftPackageReference "R" */,
				DA8BEDBF2DCA4BF4002983CA /* XCRemoteSwiftPackageReference "SwiftUI-Shimmer" */,
				DAC342B92DD32C3B0086BC09 /* XCRemoteSwiftPackageReference "swift-concurrency-extras" */,
			);
			preferredProjectObjectVersion = 77;
			productRefGroup = DAA485A12DC1C1AE003581BF /* Products */;
			projectDirPath = "";
			projectRoot = "";
			targets = (
				DAA4859F2DC1C1AE003581BF /* GitHubRepositorySearch */,
				DA5F1BAD2DD3082000AACB2F /* GitHubRepositorySearchUnitTests */,
			);
		};
/* End PBXProject section */

/* Begin PBXResourcesBuildPhase section */
		DA5F1BAC2DD3082000AACB2F /* Resources */ = {
			isa = PBXResourcesBuildPhase;
			buildActionMask = 2147483647;
			files = (
			);
			runOnlyForDeploymentPostprocessing = 0;
		};
		DAA4859E2DC1C1AE003581BF /* Resources */ = {
			isa = PBXResourcesBuildPhase;
			buildActionMask = 2147483647;
			files = (
				DA30BE3E2DD22A4F0038394C /* .swiftlint.yml in Resources */,
			);
			runOnlyForDeploymentPostprocessing = 0;
		};
/* End PBXResourcesBuildPhase section */

/* Begin PBXShellScriptBuildPhase section */
		DABA8CCD2DCA3F740075CE7C /* ShellScript */ = {
			isa = PBXShellScriptBuildPhase;
			buildActionMask = 2147483647;
			files = (
			);
			inputFileListPaths = (
			);
			inputPaths = (
			);
			outputFileListPaths = (
			);
			outputPaths = (
			);
			runOnlyForDeploymentPostprocessing = 0;
			shellPath = /bin/sh;
			shellScript = "export PATH=\"$PATH:/opt/homebrew/bin\"\n\nif which swiftlint >/dev/null; then\n  swiftlint\nelse\n  echo \"warning: SwiftLint not installed\"\nfi\n";
		};
/* End PBXShellScriptBuildPhase section */

/* Begin PBXSourcesBuildPhase section */
		DA5F1BAA2DD3082000AACB2F /* Sources */ = {
			isa = PBXSourcesBuildPhase;
			buildActionMask = 2147483647;
			files = (
			);
			runOnlyForDeploymentPostprocessing = 0;
		};
		DAA4859C2DC1C1AE003581BF /* Sources */ = {
			isa = PBXSourcesBuildPhase;
			buildActionMask = 2147483647;
			files = (
			);
			runOnlyForDeploymentPostprocessing = 0;
		};
/* End PBXSourcesBuildPhase section */

/* Begin PBXTargetDependency section */
		DA5F1BB32DD3082000AACB2F /* PBXTargetDependency */ = {
			isa = PBXTargetDependency;
			target = DAA4859F2DC1C1AE003581BF /* GitHubRepositorySearch */;
			targetProxy = DA5F1BB22DD3082000AACB2F /* PBXContainerItemProxy */;
		};
		DA8BECEB2DCA42FA002983CA /* PBXTargetDependency */ = {
			isa = PBXTargetDependency;
			productRef = DA8BECEA2DCA42FA002983CA /* RswiftGenerateInternalResources */;
		};
/* End PBXTargetDependency section */

/* Begin XCBuildConfiguration section */
		DA5F1BB52DD3082000AACB2F /* Debug */ = {
			isa = XCBuildConfiguration;
			buildSettings = {
				BUNDLE_LOADER = "$(TEST_HOST)";
				CODE_SIGN_STYLE = Automatic;
				CURRENT_PROJECT_VERSION = 1;
				DEVELOPMENT_TEAM = BWMJMJK727;
				GENERATE_INFOPLIST_FILE = YES;
				IPHONEOS_DEPLOYMENT_TARGET = 18.0;
				MARKETING_VERSION = 1.0;
				PRODUCT_BUNDLE_IDENTIFIER = com.ikeh1024.GitHubRepositorySearchUnitTests;
				PRODUCT_NAME = "$(TARGET_NAME)";
				SWIFT_EMIT_LOC_STRINGS = NO;
				SWIFT_VERSION = 5.0;
				TARGETED_DEVICE_FAMILY = "1,2";
				TEST_HOST = "$(BUILT_PRODUCTS_DIR)/GitHubRepositorySearch.app/$(BUNDLE_EXECUTABLE_FOLDER_PATH)/GitHubRepositorySearch";
			};
			name = Debug;
		};
		DA5F1BB62DD3082000AACB2F /* Release */ = {
			isa = XCBuildConfiguration;
			buildSettings = {
				BUNDLE_LOADER = "$(TEST_HOST)";
				CODE_SIGN_STYLE = Automatic;
				CURRENT_PROJECT_VERSION = 1;
				DEVELOPMENT_TEAM = BWMJMJK727;
				GENERATE_INFOPLIST_FILE = YES;
				IPHONEOS_DEPLOYMENT_TARGET = 18.0;
				MARKETING_VERSION = 1.0;
				PRODUCT_BUNDLE_IDENTIFIER = com.ikeh1024.GitHubRepositorySearchUnitTests;
				PRODUCT_NAME = "$(TARGET_NAME)";
				SWIFT_EMIT_LOC_STRINGS = NO;
				SWIFT_VERSION = 5.0;
				TARGETED_DEVICE_FAMILY = "1,2";
				TEST_HOST = "$(BUILT_PRODUCTS_DIR)/GitHubRepositorySearch.app/$(BUNDLE_EXECUTABLE_FOLDER_PATH)/GitHubRepositorySearch";
			};
			name = Release;
		};
		DAA485BF2DC1C1B0003581BF /* Debug */ = {
			isa = XCBuildConfiguration;
			buildSettings = {
				ALWAYS_SEARCH_USER_PATHS = NO;
				ASSETCATALOG_COMPILER_GENERATE_SWIFT_ASSET_SYMBOL_EXTENSIONS = YES;
				CLANG_ANALYZER_NONNULL = YES;
				CLANG_ANALYZER_NUMBER_OBJECT_CONVERSION = YES_AGGRESSIVE;
				CLANG_CXX_LANGUAGE_STANDARD = "gnu++20";
				CLANG_ENABLE_MODULES = YES;
				CLANG_ENABLE_OBJC_ARC = YES;
				CLANG_ENABLE_OBJC_WEAK = YES;
				CLANG_WARN_BLOCK_CAPTURE_AUTORELEASING = YES;
				CLANG_WARN_BOOL_CONVERSION = YES;
				CLANG_WARN_COMMA = YES;
				CLANG_WARN_CONSTANT_CONVERSION = YES;
				CLANG_WARN_DEPRECATED_OBJC_IMPLEMENTATIONS = YES;
				CLANG_WARN_DIRECT_OBJC_ISA_USAGE = YES_ERROR;
				CLANG_WARN_DOCUMENTATION_COMMENTS = YES;
				CLANG_WARN_EMPTY_BODY = YES;
				CLANG_WARN_ENUM_CONVERSION = YES;
				CLANG_WARN_INFINITE_RECURSION = YES;
				CLANG_WARN_INT_CONVERSION = YES;
				CLANG_WARN_NON_LITERAL_NULL_CONVERSION = YES;
				CLANG_WARN_OBJC_IMPLICIT_RETAIN_SELF = YES;
				CLANG_WARN_OBJC_LITERAL_CONVERSION = YES;
				CLANG_WARN_OBJC_ROOT_CLASS = YES_ERROR;
				CLANG_WARN_QUOTED_INCLUDE_IN_FRAMEWORK_HEADER = YES;
				CLANG_WARN_RANGE_LOOP_ANALYSIS = YES;
				CLANG_WARN_STRICT_PROTOTYPES = YES;
				CLANG_WARN_SUSPICIOUS_MOVE = YES;
				CLANG_WARN_UNGUARDED_AVAILABILITY = YES_AGGRESSIVE;
				CLANG_WARN_UNREACHABLE_CODE = YES;
				CLANG_WARN__DUPLICATE_METHOD_MATCH = YES;
				COPY_PHASE_STRIP = NO;
				DEBUG_INFORMATION_FORMAT = dwarf;
				DEVELOPMENT_TEAM = BWMJMJK727;
				ENABLE_STRICT_OBJC_MSGSEND = YES;
				ENABLE_TESTABILITY = YES;
				ENABLE_USER_SCRIPT_SANDBOXING = YES;
				GCC_C_LANGUAGE_STANDARD = gnu17;
				GCC_DYNAMIC_NO_PIC = NO;
				GCC_NO_COMMON_BLOCKS = YES;
				GCC_OPTIMIZATION_LEVEL = 0;
				GCC_PREPROCESSOR_DEFINITIONS = (
					"DEBUG=1",
					"$(inherited)",
				);
				GCC_WARN_64_TO_32_BIT_CONVERSION = YES;
				GCC_WARN_ABOUT_RETURN_TYPE = YES_ERROR;
				GCC_WARN_UNDECLARED_SELECTOR = YES;
				GCC_WARN_UNINITIALIZED_AUTOS = YES_AGGRESSIVE;
				GCC_WARN_UNUSED_FUNCTION = YES;
				GCC_WARN_UNUSED_VARIABLE = YES;
				IPHONEOS_DEPLOYMENT_TARGET = 18.4;
				LOCALIZATION_PREFERS_STRING_CATALOGS = YES;
				MTL_ENABLE_DEBUG_INFO = INCLUDE_SOURCE;
				MTL_FAST_MATH = YES;
				ONLY_ACTIVE_ARCH = YES;
				SDKROOT = iphoneos;
				SWIFT_ACTIVE_COMPILATION_CONDITIONS = "DEBUG $(inherited)";
				SWIFT_OPTIMIZATION_LEVEL = "-Onone";
				SWIFT_VERSION = 6.0;
			};
			name = Debug;
		};
		DAA485C02DC1C1B0003581BF /* Release */ = {
			isa = XCBuildConfiguration;
			buildSettings = {
				ALWAYS_SEARCH_USER_PATHS = NO;
				ASSETCATALOG_COMPILER_GENERATE_SWIFT_ASSET_SYMBOL_EXTENSIONS = YES;
				CLANG_ANALYZER_NONNULL = YES;
				CLANG_ANALYZER_NUMBER_OBJECT_CONVERSION = YES_AGGRESSIVE;
				CLANG_CXX_LANGUAGE_STANDARD = "gnu++20";
				CLANG_ENABLE_MODULES = YES;
				CLANG_ENABLE_OBJC_ARC = YES;
				CLANG_ENABLE_OBJC_WEAK = YES;
				CLANG_WARN_BLOCK_CAPTURE_AUTORELEASING = YES;
				CLANG_WARN_BOOL_CONVERSION = YES;
				CLANG_WARN_COMMA = YES;
				CLANG_WARN_CONSTANT_CONVERSION = YES;
				CLANG_WARN_DEPRECATED_OBJC_IMPLEMENTATIONS = YES;
				CLANG_WARN_DIRECT_OBJC_ISA_USAGE = YES_ERROR;
				CLANG_WARN_DOCUMENTATION_COMMENTS = YES;
				CLANG_WARN_EMPTY_BODY = YES;
				CLANG_WARN_ENUM_CONVERSION = YES;
				CLANG_WARN_INFINITE_RECURSION = YES;
				CLANG_WARN_INT_CONVERSION = YES;
				CLANG_WARN_NON_LITERAL_NULL_CONVERSION = YES;
				CLANG_WARN_OBJC_IMPLICIT_RETAIN_SELF = YES;
				CLANG_WARN_OBJC_LITERAL_CONVERSION = YES;
				CLANG_WARN_OBJC_ROOT_CLASS = YES_ERROR;
				CLANG_WARN_QUOTED_INCLUDE_IN_FRAMEWORK_HEADER = YES;
				CLANG_WARN_RANGE_LOOP_ANALYSIS = YES;
				CLANG_WARN_STRICT_PROTOTYPES = YES;
				CLANG_WARN_SUSPICIOUS_MOVE = YES;
				CLANG_WARN_UNGUARDED_AVAILABILITY = YES_AGGRESSIVE;
				CLANG_WARN_UNREACHABLE_CODE = YES;
				CLANG_WARN__DUPLICATE_METHOD_MATCH = YES;
				COPY_PHASE_STRIP = NO;
				DEBUG_INFORMATION_FORMAT = "dwarf-with-dsym";
				DEVELOPMENT_TEAM = BWMJMJK727;
				ENABLE_NS_ASSERTIONS = NO;
				ENABLE_STRICT_OBJC_MSGSEND = YES;
				ENABLE_USER_SCRIPT_SANDBOXING = YES;
				GCC_C_LANGUAGE_STANDARD = gnu17;
				GCC_NO_COMMON_BLOCKS = YES;
				GCC_WARN_64_TO_32_BIT_CONVERSION = YES;
				GCC_WARN_ABOUT_RETURN_TYPE = YES_ERROR;
				GCC_WARN_UNDECLARED_SELECTOR = YES;
				GCC_WARN_UNINITIALIZED_AUTOS = YES_AGGRESSIVE;
				GCC_WARN_UNUSED_FUNCTION = YES;
				GCC_WARN_UNUSED_VARIABLE = YES;
				IPHONEOS_DEPLOYMENT_TARGET = 18.4;
				LOCALIZATION_PREFERS_STRING_CATALOGS = YES;
				MTL_ENABLE_DEBUG_INFO = NO;
				MTL_FAST_MATH = YES;
				SDKROOT = iphoneos;
				SWIFT_COMPILATION_MODE = wholemodule;
				SWIFT_VERSION = 6.0;
				VALIDATE_PRODUCT = YES;
			};
			name = Release;
		};
		DAA485C22DC1C1B0003581BF /* Debug */ = {
			isa = XCBuildConfiguration;
			buildSettings = {
				ASSETCATALOG_COMPILER_APPICON_NAME = AppIcon;
				ASSETCATALOG_COMPILER_GLOBAL_ACCENT_COLOR_NAME = AccentColor;
				CODE_SIGN_STYLE = Automatic;
				CURRENT_PROJECT_VERSION = 1;
				DEVELOPMENT_TEAM = BWMJMJK727;
				ENABLE_PREVIEWS = YES;
				ENABLE_USER_SCRIPT_SANDBOXING = NO;
				GENERATE_INFOPLIST_FILE = YES;
				INFOPLIST_FILE = GitHubRepositorySearch/Resources/Info.plist;
				INFOPLIST_KEY_UIApplicationSceneManifest_Generation = YES;
				INFOPLIST_KEY_UIApplicationSupportsIndirectInputEvents = YES;
				INFOPLIST_KEY_UILaunchScreen_Generation = YES;
				INFOPLIST_KEY_UISupportedInterfaceOrientations_iPad = "UIInterfaceOrientationPortrait UIInterfaceOrientationPortraitUpsideDown UIInterfaceOrientationLandscapeLeft UIInterfaceOrientationLandscapeRight";
				INFOPLIST_KEY_UISupportedInterfaceOrientations_iPhone = "UIInterfaceOrientationPortrait UIInterfaceOrientationLandscapeLeft UIInterfaceOrientationLandscapeRight";
				IPHONEOS_DEPLOYMENT_TARGET = 18.0;
				LD_RUNPATH_SEARCH_PATHS = (
					"$(inherited)",
					"@executable_path/Frameworks",
				);
				MARKETING_VERSION = 1.0;
				PRODUCT_BUNDLE_IDENTIFIER = com.ikeh1024.GitHubRepositorySearch;
				PRODUCT_NAME = "$(TARGET_NAME)";
				SWIFT_EMIT_LOC_STRINGS = YES;
				SWIFT_STRICT_CONCURRENCY = complete;
				SWIFT_STRICT_MEMORY_SAFETY = NO;
				SWIFT_VERSION = 6.0;
				TARGETED_DEVICE_FAMILY = "1,2";
			};
			name = Debug;
		};
		DAA485C32DC1C1B0003581BF /* Release */ = {
			isa = XCBuildConfiguration;
			buildSettings = {
				ASSETCATALOG_COMPILER_APPICON_NAME = AppIcon;
				ASSETCATALOG_COMPILER_GLOBAL_ACCENT_COLOR_NAME = AccentColor;
				CODE_SIGN_STYLE = Automatic;
				CURRENT_PROJECT_VERSION = 1;
				DEVELOPMENT_TEAM = BWMJMJK727;
				ENABLE_PREVIEWS = YES;
				ENABLE_USER_SCRIPT_SANDBOXING = NO;
				GENERATE_INFOPLIST_FILE = YES;
				INFOPLIST_FILE = GitHubRepositorySearch/Resources/Info.plist;
				INFOPLIST_KEY_UIApplicationSceneManifest_Generation = YES;
				INFOPLIST_KEY_UIApplicationSupportsIndirectInputEvents = YES;
				INFOPLIST_KEY_UILaunchScreen_Generation = YES;
				INFOPLIST_KEY_UISupportedInterfaceOrientations_iPad = "UIInterfaceOrientationPortrait UIInterfaceOrientationPortraitUpsideDown UIInterfaceOrientationLandscapeLeft UIInterfaceOrientationLandscapeRight";
				INFOPLIST_KEY_UISupportedInterfaceOrientations_iPhone = "UIInterfaceOrientationPortrait UIInterfaceOrientationLandscapeLeft UIInterfaceOrientationLandscapeRight";
				IPHONEOS_DEPLOYMENT_TARGET = 18.0;
				LD_RUNPATH_SEARCH_PATHS = (
					"$(inherited)",
					"@executable_path/Frameworks",
				);
				MARKETING_VERSION = 1.0;
				PRODUCT_BUNDLE_IDENTIFIER = com.ikeh1024.GitHubRepositorySearch;
				PRODUCT_NAME = "$(TARGET_NAME)";
				SWIFT_EMIT_LOC_STRINGS = YES;
				SWIFT_STRICT_CONCURRENCY = complete;
				SWIFT_STRICT_MEMORY_SAFETY = NO;
				SWIFT_VERSION = 6.0;
				TARGETED_DEVICE_FAMILY = "1,2";
			};
			name = Release;
		};
/* End XCBuildConfiguration section */

/* Begin XCConfigurationList section */
		DA5F1BB42DD3082000AACB2F /* Build configuration list for PBXNativeTarget "GitHubRepositorySearchUnitTests" */ = {
			isa = XCConfigurationList;
			buildConfigurations = (
				DA5F1BB52DD3082000AACB2F /* Debug */,
				DA5F1BB62DD3082000AACB2F /* Release */,
			);
			defaultConfigurationIsVisible = 0;
			defaultConfigurationName = Release;
		};
		DAA4859B2DC1C1AE003581BF /* Build configuration list for PBXProject "GitHubRepositorySearch" */ = {
			isa = XCConfigurationList;
			buildConfigurations = (
				DAA485BF2DC1C1B0003581BF /* Debug */,
				DAA485C02DC1C1B0003581BF /* Release */,
			);
			defaultConfigurationIsVisible = 0;
			defaultConfigurationName = Release;
		};
		DAA485C12DC1C1B0003581BF /* Build configuration list for PBXNativeTarget "GitHubRepositorySearch" */ = {
			isa = XCConfigurationList;
			buildConfigurations = (
				DAA485C22DC1C1B0003581BF /* Debug */,
				DAA485C32DC1C1B0003581BF /* Release */,
			);
			defaultConfigurationIsVisible = 0;
			defaultConfigurationName = Release;
		};
/* End XCConfigurationList section */

/* Begin XCRemoteSwiftPackageReference section */
		DA44E0D12DCA02F0001EDD36 /* XCRemoteSwiftPackageReference "KeychainAccess" */ = {
			isa = XCRemoteSwiftPackageReference;
			repositoryURL = "https://github.com/kishikawakatsumi/KeychainAccess";
			requirement = {
				kind = upToNextMajorVersion;
				minimumVersion = 4.2.2;
			};
		};
		DA8BECE72DCA42C6002983CA /* XCRemoteSwiftPackageReference "R" */ = {
			isa = XCRemoteSwiftPackageReference;
			repositoryURL = "https://github.com/mac-cain13/R.swift";
			requirement = {
				kind = upToNextMajorVersion;
				minimumVersion = 7.8.0;
			};
		};
		DA8BEDBF2DCA4BF4002983CA /* XCRemoteSwiftPackageReference "SwiftUI-Shimmer" */ = {
			isa = XCRemoteSwiftPackageReference;
			repositoryURL = "https://github.com/markiv/SwiftUI-Shimmer";
			requirement = {
				kind = upToNextMajorVersion;
				minimumVersion = 1.5.1;
			};
		};
		DAA487262DC1E6F4003581BF /* XCRemoteSwiftPackageReference "ikeh-github-api-client" */ = {
			isa = XCRemoteSwiftPackageReference;
			repositoryURL = "https://github.com/pommdau/ikeh-github-api-client";
			requirement = {
				kind = upToNextMajorVersion;
				minimumVersion = 1.0.0;
			};
		};
		DABD5A282DC1EB71005EDCE8 /* XCRemoteSwiftPackageReference "SDWebImageSwiftUI" */ = {
			isa = XCRemoteSwiftPackageReference;
			repositoryURL = "https://github.com/SDWebImage/SDWebImageSwiftUI";
			requirement = {
				kind = upToNextMajorVersion;
				minimumVersion = 3.1.3;
			};
		};
		DAC342B92DD32C3B0086BC09 /* XCRemoteSwiftPackageReference "swift-concurrency-extras" */ = {
			isa = XCRemoteSwiftPackageReference;
			repositoryURL = "https://github.com/pointfreeco/swift-concurrency-extras";
			requirement = {
				kind = upToNextMajorVersion;
				minimumVersion = 1.3.1;
			};
		};
/* End XCRemoteSwiftPackageReference section */

/* Begin XCSwiftPackageProductDependency section */
		DA44E0D22DCA02F0001EDD36 /* KeychainAccess */ = {
			isa = XCSwiftPackageProductDependency;
			package = DA44E0D12DCA02F0001EDD36 /* XCRemoteSwiftPackageReference "KeychainAccess" */;
			productName = KeychainAccess;
		};
		DA8BECE82DCA42C6002983CA /* RswiftLibrary */ = {
			isa = XCSwiftPackageProductDependency;
			package = DA8BECE72DCA42C6002983CA /* XCRemoteSwiftPackageReference "R" */;
			productName = RswiftLibrary;
		};
		DA8BECEA2DCA42FA002983CA /* RswiftGenerateInternalResources */ = {
			isa = XCSwiftPackageProductDependency;
			productName = "plugin:RswiftGenerateInternalResources";
		};
		DA8BEDC02DCA4BF4002983CA /* Shimmer */ = {
			isa = XCSwiftPackageProductDependency;
			package = DA8BEDBF2DCA4BF4002983CA /* XCRemoteSwiftPackageReference "SwiftUI-Shimmer" */;
			productName = Shimmer;
		};
		DAA487272DC1E6F4003581BF /* IKEHGitHubAPIClient */ = {
			isa = XCSwiftPackageProductDependency;
			package = DAA487262DC1E6F4003581BF /* XCRemoteSwiftPackageReference "ikeh-github-api-client" */;
			productName = IKEHGitHubAPIClient;
		};
		DABD5A292DC1EB71005EDCE8 /* SDWebImageSwiftUI */ = {
			isa = XCSwiftPackageProductDependency;
			package = DABD5A282DC1EB71005EDCE8 /* XCRemoteSwiftPackageReference "SDWebImageSwiftUI" */;
			productName = SDWebImageSwiftUI;
		};
		DAC342BA2DD32C3B0086BC09 /* ConcurrencyExtras */ = {
			isa = XCSwiftPackageProductDependency;
			package = DAC342B92DD32C3B0086BC09 /* XCRemoteSwiftPackageReference "swift-concurrency-extras" */;
			productName = ConcurrencyExtras;
		};
/* End XCSwiftPackageProductDependency section */
	};
	rootObject = DAA485982DC1C1AE003581BF /* Project object */;
}
