// !$*UTF8*$!
{
	archiveVersion = 1;
	classes = {
	};
	objectVersion = 77;
	objects = {

/* Begin PBXBuildFile section */
		DA0936912D4BC9C700484A5D /* UserDefaultsBrowser in Frameworks */ = {isa = PBXBuildFile; productRef = DA0936902D4BC9C700484A5D /* UserDefaultsBrowser */; };
		DA09FB242D5EDB280078A0AF /* RswiftLibrary in Frameworks */ = {isa = PBXBuildFile; productRef = DA09FB232D5EDB280078A0AF /* RswiftLibrary */; };
		DA09FF9C2D65CB0F0078A0AF /* README.md in Sources */ = {isa = PBXBuildFile; fileRef = DA09FF9B2D65CB0B0078A0AF /* README.md */; };
		DA12C5E22D252C8000296345 /* IKEHGitHubAPI in Frameworks */ = {isa = PBXBuildFile; productRef = DA12C5E12D252C8000296345 /* IKEHGitHubAPI */; };
		DA12C5EF2D2533C800296345 /* IKEHGitHubAPI in Frameworks */ = {isa = PBXBuildFile; productRef = DA12C5EE2D2533C800296345 /* IKEHGitHubAPI */; };
		DA1DE9E82D4C5B0F00CACE02 /* Collections in Frameworks */ = {isa = PBXBuildFile; productRef = DA1DE9E72D4C5B0F00CACE02 /* Collections */; };
		DA1DEB092D4E679100CACE02 /* Shimmer in Frameworks */ = {isa = PBXBuildFile; productRef = DA1DEB082D4E679100CACE02 /* Shimmer */; };
		DA96BAAD2D25397D0081B93B /* HTTPTypes in Frameworks */ = {isa = PBXBuildFile; productRef = DA96BAAC2D25397D0081B93B /* HTTPTypes */; };
		DA96BAAF2D25397D0081B93B /* HTTPTypesFoundation in Frameworks */ = {isa = PBXBuildFile; productRef = DA96BAAE2D25397D0081B93B /* HTTPTypesFoundation */; };
		DA96BAB22D2539880081B93B /* SwiftID in Frameworks */ = {isa = PBXBuildFile; productRef = DA96BAB12D2539880081B93B /* SwiftID */; };
		DACA6C9B2D68761A009F72B3 /* SDWebImageSwiftUI in Frameworks */ = {isa = PBXBuildFile; productRef = DACA6C9A2D68761A009F72B3 /* SDWebImageSwiftUI */; };
		DAE2E7EF2D9E42CD0031BA9E /* ConcurrencyExtras in Frameworks */ = {isa = PBXBuildFile; productRef = DAE2E7EE2D9E42CD0031BA9E /* ConcurrencyExtras */; };
		DAE2F03A2D9EBBD70031BA9E /* Dependencies in Frameworks */ = {isa = PBXBuildFile; productRef = DAE2F0392D9EBBD70031BA9E /* Dependencies */; };
		DAE2F03C2D9EBBD70031BA9E /* DependenciesMacros in Frameworks */ = {isa = PBXBuildFile; productRef = DAE2F03B2D9EBBD70031BA9E /* DependenciesMacros */; };
		DAE2F03E2D9EBBD70031BA9E /* DependenciesTestSupport in Frameworks */ = {isa = PBXBuildFile; productRef = DAE2F03D2D9EBBD70031BA9E /* DependenciesTestSupport */; };
		DAF43D0C2D41E31000D8A5F2 /* KeychainAccess in Frameworks */ = {isa = PBXBuildFile; productRef = DAF43D0B2D41E31000D8A5F2 /* KeychainAccess */; };
		DAFB9FC32D5DD98600474FF5 /* .swiftlint.yml in Resources */ = {isa = PBXBuildFile; fileRef = DAFB9FC22D5DD98600474FF5 /* .swiftlint.yml */; };
/* End PBXBuildFile section */

/* Begin PBXContainerItemProxy section */
		DA09FD332D5F11DF0078A0AF /* PBXContainerItemProxy */ = {
			isa = PBXContainerItemProxy;
			containerPortal = DA12C5C62D252C6600296345 /* Project object */;
			proxyType = 1;
			remoteGlobalIDString = DA12C5CD2D252C6600296345;
			remoteInfo = IKEHGitHubAPIDemo;
		};
		DA0CCBC52D892193008E0296 /* PBXContainerItemProxy */ = {
			isa = PBXContainerItemProxy;
			containerPortal = DA12C5C62D252C6600296345 /* Project object */;
			proxyType = 1;
			remoteGlobalIDString = DA12C5CD2D252C6600296345;
			remoteInfo = IKEHGitHubAPIDemo;
		};
/* End PBXContainerItemProxy section */

/* Begin PBXFileReference section */
		DA09FD2D2D5F11DF0078A0AF /* IKEHGitHubAPIDemoUITests.xctest */ = {isa = PBXFileReference; explicitFileType = wrapper.cfbundle; includeInIndex = 0; path = IKEHGitHubAPIDemoUITests.xctest; sourceTree = BUILT_PRODUCTS_DIR; };
		DA09FF9B2D65CB0B0078A0AF /* README.md */ = {isa = PBXFileReference; lastKnownFileType = net.daringfireball.markdown; path = README.md; sourceTree = "<group>"; };
		DA0CCBC12D892193008E0296 /* IKEHGitHubAPIDemoTests.xctest */ = {isa = PBXFileReference; explicitFileType = wrapper.cfbundle; includeInIndex = 0; path = IKEHGitHubAPIDemoTests.xctest; sourceTree = BUILT_PRODUCTS_DIR; };
		DA12C5CE2D252C6600296345 /* IKEHGitHubAPIDemo.app */ = {isa = PBXFileReference; explicitFileType = wrapper.application; includeInIndex = 0; path = IKEHGitHubAPIDemo.app; sourceTree = BUILT_PRODUCTS_DIR; };
		DAFB9FC22D5DD98600474FF5 /* .swiftlint.yml */ = {isa = PBXFileReference; lastKnownFileType = text.yaml; path = .swiftlint.yml; sourceTree = "<group>"; };
/* End PBXFileReference section */

/* Begin PBXFileSystemSynchronizedBuildFileExceptionSet section */
		DAB7BC1E2D3BF67F001E9D38 /* Exceptions for "IKEHGitHubAPIDemo" folder in "IKEHGitHubAPIDemo" target */ = {
			isa = PBXFileSystemSynchronizedBuildFileExceptionSet;
			membershipExceptions = (
				Resources/Info.plist,
			);
			target = DA12C5CD2D252C6600296345 /* IKEHGitHubAPIDemo */;
		};
/* End PBXFileSystemSynchronizedBuildFileExceptionSet section */

/* Begin PBXFileSystemSynchronizedRootGroup section */
		DA0CCBC22D892193008E0296 /* IKEHGitHubAPIDemoTests */ = {
			isa = PBXFileSystemSynchronizedRootGroup;
			path = IKEHGitHubAPIDemoTests;
			sourceTree = "<group>";
		};
		DA12C5D02D252C6600296345 /* IKEHGitHubAPIDemo */ = {
			isa = PBXFileSystemSynchronizedRootGroup;
			exceptions = (
				DAB7BC1E2D3BF67F001E9D38 /* Exceptions for "IKEHGitHubAPIDemo" folder in "IKEHGitHubAPIDemo" target */,
			);
			path = IKEHGitHubAPIDemo;
			sourceTree = "<group>";
		};
/* End PBXFileSystemSynchronizedRootGroup section */

/* Begin PBXFrameworksBuildPhase section */
		DA09FD2A2D5F11DF0078A0AF /* Frameworks */ = {
			isa = PBXFrameworksBuildPhase;
			buildActionMask = 2147483647;
			files = (
			);
			runOnlyForDeploymentPostprocessing = 0;
		};
		DA0CCBBE2D892193008E0296 /* Frameworks */ = {
			isa = PBXFrameworksBuildPhase;
			buildActionMask = 2147483647;
			files = (
				DAE2E7EF2D9E42CD0031BA9E /* ConcurrencyExtras in Frameworks */,
			);
			runOnlyForDeploymentPostprocessing = 0;
		};
		DA12C5CB2D252C6600296345 /* Frameworks */ = {
			isa = PBXFrameworksBuildPhase;
			buildActionMask = 2147483647;
			files = (
				DAE2F03C2D9EBBD70031BA9E /* DependenciesMacros in Frameworks */,
				DA96BAAD2D25397D0081B93B /* HTTPTypes in Frameworks */,
				DA96BAB22D2539880081B93B /* SwiftID in Frameworks */,
				DA1DE9E82D4C5B0F00CACE02 /* Collections in Frameworks */,
				DAE2F03A2D9EBBD70031BA9E /* Dependencies in Frameworks */,
				DA1DEB092D4E679100CACE02 /* Shimmer in Frameworks */,
				DAF43D0C2D41E31000D8A5F2 /* KeychainAccess in Frameworks */,
				DA09FB242D5EDB280078A0AF /* RswiftLibrary in Frameworks */,
				DA12C5E22D252C8000296345 /* IKEHGitHubAPI in Frameworks */,
				DA12C5EF2D2533C800296345 /* IKEHGitHubAPI in Frameworks */,
				DACA6C9B2D68761A009F72B3 /* SDWebImageSwiftUI in Frameworks */,
				DA0936912D4BC9C700484A5D /* UserDefaultsBrowser in Frameworks */,
				DA96BAAF2D25397D0081B93B /* HTTPTypesFoundation in Frameworks */,
				DAE2F03E2D9EBBD70031BA9E /* DependenciesTestSupport in Frameworks */,
			);
			runOnlyForDeploymentPostprocessing = 0;
		};
/* End PBXFrameworksBuildPhase section */

/* Begin PBXGroup section */
		DA12C5C52D252C6600296345 = {
			isa = PBXGroup;
			children = (
				DA09FF9B2D65CB0B0078A0AF /* README.md */,
				DAFB9FC22D5DD98600474FF5 /* .swiftlint.yml */,
				DA12C5D02D252C6600296345 /* IKEHGitHubAPIDemo */,
				DA0CCBC22D892193008E0296 /* IKEHGitHubAPIDemoTests */,
				DA12C5CF2D252C6600296345 /* Products */,
			);
			sourceTree = "<group>";
		};
		DA12C5CF2D252C6600296345 /* Products */ = {
			isa = PBXGroup;
			children = (
				DA12C5CE2D252C6600296345 /* IKEHGitHubAPIDemo.app */,
				DA09FD2D2D5F11DF0078A0AF /* IKEHGitHubAPIDemoUITests.xctest */,
				DA0CCBC12D892193008E0296 /* IKEHGitHubAPIDemoTests.xctest */,
			);
			name = Products;
			sourceTree = "<group>";
		};
/* End PBXGroup section */

/* Begin PBXNativeTarget section */
		DA09FD2C2D5F11DF0078A0AF /* IKEHGitHubAPIDemoUITests */ = {
			isa = PBXNativeTarget;
			buildConfigurationList = DA09FD352D5F11DF0078A0AF /* Build configuration list for PBXNativeTarget "IKEHGitHubAPIDemoUITests" */;
			buildPhases = (
				DA09FD292D5F11DF0078A0AF /* Sources */,
				DA09FD2A2D5F11DF0078A0AF /* Frameworks */,
				DA09FD2B2D5F11DF0078A0AF /* Resources */,
			);
			buildRules = (
			);
			dependencies = (
				DA09FD342D5F11DF0078A0AF /* PBXTargetDependency */,
			);
			name = IKEHGitHubAPIDemoUITests;
			packageProductDependencies = (
			);
			productName = IKEHGitHubAPIDemoUITests;
			productReference = DA09FD2D2D5F11DF0078A0AF /* IKEHGitHubAPIDemoUITests.xctest */;
			productType = "com.apple.product-type.bundle.ui-testing";
		};
		DA0CCBC02D892193008E0296 /* IKEHGitHubAPIDemoTests */ = {
			isa = PBXNativeTarget;
			buildConfigurationList = DA0CCBC92D892193008E0296 /* Build configuration list for PBXNativeTarget "IKEHGitHubAPIDemoTests" */;
			buildPhases = (
				DA0CCBBD2D892193008E0296 /* Sources */,
				DA0CCBBE2D892193008E0296 /* Frameworks */,
				DA0CCBBF2D892193008E0296 /* Resources */,
			);
			buildRules = (
			);
			dependencies = (
				DA0CCBC62D892193008E0296 /* PBXTargetDependency */,
			);
			fileSystemSynchronizedGroups = (
				DA0CCBC22D892193008E0296 /* IKEHGitHubAPIDemoTests */,
			);
			name = IKEHGitHubAPIDemoTests;
			packageProductDependencies = (
				DAE2E7EE2D9E42CD0031BA9E /* ConcurrencyExtras */,
			);
			productName = IKEHGitHubAPIDemoTests;
			productReference = DA0CCBC12D892193008E0296 /* IKEHGitHubAPIDemoTests.xctest */;
			productType = "com.apple.product-type.bundle.unit-test";
		};
		DA12C5CD2D252C6600296345 /* IKEHGitHubAPIDemo */ = {
			isa = PBXNativeTarget;
			buildConfigurationList = DA12C5DD2D252C6700296345 /* Build configuration list for PBXNativeTarget "IKEHGitHubAPIDemo" */;
			buildPhases = (
				DA12C5CA2D252C6600296345 /* Sources */,
				DA12C5CB2D252C6600296345 /* Frameworks */,
				DA12C5CC2D252C6600296345 /* Resources */,
			);
			buildRules = (
			);
			dependencies = (
				DA09FB272D5EDB5D0078A0AF /* PBXTargetDependency */,
				DAFB9FC72D5DDBA500474FF5 /* PBXTargetDependency */,
			);
			fileSystemSynchronizedGroups = (
				DA12C5D02D252C6600296345 /* IKEHGitHubAPIDemo */,
			);
			name = IKEHGitHubAPIDemo;
			packageProductDependencies = (
				DA12C5E12D252C8000296345 /* IKEHGitHubAPI */,
				DA12C5EE2D2533C800296345 /* IKEHGitHubAPI */,
				DA96BAAC2D25397D0081B93B /* HTTPTypes */,
				DA96BAAE2D25397D0081B93B /* HTTPTypesFoundation */,
				DA96BAB12D2539880081B93B /* SwiftID */,
				DAF43D0B2D41E31000D8A5F2 /* KeychainAccess */,
				DA0936902D4BC9C700484A5D /* UserDefaultsBrowser */,
				DA1DE9E72D4C5B0F00CACE02 /* Collections */,
				DA1DEB082D4E679100CACE02 /* Shimmer */,
				DA09FB232D5EDB280078A0AF /* RswiftLibrary */,
				DACA6C9A2D68761A009F72B3 /* SDWebImageSwiftUI */,
				DAE2F0392D9EBBD70031BA9E /* Dependencies */,
				DAE2F03B2D9EBBD70031BA9E /* DependenciesMacros */,
				DAE2F03D2D9EBBD70031BA9E /* DependenciesTestSupport */,
			);
			productName = IKEHGitHubAPIDemo;
			productReference = DA12C5CE2D252C6600296345 /* IKEHGitHubAPIDemo.app */;
			productType = "com.apple.product-type.application";
		};
/* End PBXNativeTarget section */

/* Begin PBXProject section */
		DA12C5C62D252C6600296345 /* Project object */ = {
			isa = PBXProject;
			attributes = {
				BuildIndependentTargetsInParallel = 1;
				LastSwiftUpdateCheck = 1620;
				LastUpgradeCheck = 1620;
				TargetAttributes = {
					DA09FD2C2D5F11DF0078A0AF = {
						CreatedOnToolsVersion = 16.2;
						TestTargetID = DA12C5CD2D252C6600296345;
					};
					DA0CCBC02D892193008E0296 = {
						CreatedOnToolsVersion = 16.2;
						TestTargetID = DA12C5CD2D252C6600296345;
					};
					DA12C5CD2D252C6600296345 = {
						CreatedOnToolsVersion = 16.2;
					};
				};
			};
			buildConfigurationList = DA12C5C92D252C6600296345 /* Build configuration list for PBXProject "IKEHGitHubAPIDemo" */;
			developmentRegion = en;
			hasScannedForEncodings = 0;
			knownRegions = (
				en,
				Base,
			);
			mainGroup = DA12C5C52D252C6600296345;
			minimizedProjectReferenceProxies = 1;
			packageReferences = (
				DA12C5ED2D2533C800296345 /* XCLocalSwiftPackageReference "../IKEHGitHubAPI" */,
				DA96BAAB2D25397D0081B93B /* XCRemoteSwiftPackageReference "swift-http-types" */,
				DA96BAB02D2539880081B93B /* XCRemoteSwiftPackageReference "swift-id" */,
				DAF43D0A2D41E31000D8A5F2 /* XCRemoteSwiftPackageReference "KeychainAccess" */,
				DA09368F2D4BC9C700484A5D /* XCRemoteSwiftPackageReference "UserDefaultsBrowser" */,
				DA1DE9E62D4C5B0F00CACE02 /* XCRemoteSwiftPackageReference "swift-collections" */,
				DA1DEB072D4E679100CACE02 /* XCRemoteSwiftPackageReference "SwiftUI-Shimmer" */,
				DAFB9FC52D5DDB9700474FF5 /* XCRemoteSwiftPackageReference "SwiftLint" */,
				DA09FB222D5EDB280078A0AF /* XCRemoteSwiftPackageReference "R" */,
				DACA6C992D68761A009F72B3 /* XCRemoteSwiftPackageReference "SDWebImageSwiftUI" */,
				DAE2E7ED2D9E42CD0031BA9E /* XCRemoteSwiftPackageReference "swift-concurrency-extras" */,
				DAE2F0382D9EBBD70031BA9E /* XCRemoteSwiftPackageReference "swift-dependencies" */,
			);
			preferredProjectObjectVersion = 77;
			productRefGroup = DA12C5CF2D252C6600296345 /* Products */;
			projectDirPath = "";
			projectRoot = "";
			targets = (
				DA12C5CD2D252C6600296345 /* IKEHGitHubAPIDemo */,
				DA09FD2C2D5F11DF0078A0AF /* IKEHGitHubAPIDemoUITests */,
				DA0CCBC02D892193008E0296 /* IKEHGitHubAPIDemoTests */,
			);
		};
/* End PBXProject section */

/* Begin PBXResourcesBuildPhase section */
		DA09FD2B2D5F11DF0078A0AF /* Resources */ = {
			isa = PBXResourcesBuildPhase;
			buildActionMask = 2147483647;
			files = (
			);
			runOnlyForDeploymentPostprocessing = 0;
		};
		DA0CCBBF2D892193008E0296 /* Resources */ = {
			isa = PBXResourcesBuildPhase;
			buildActionMask = 2147483647;
			files = (
			);
			runOnlyForDeploymentPostprocessing = 0;
		};
		DA12C5CC2D252C6600296345 /* Resources */ = {
			isa = PBXResourcesBuildPhase;
			buildActionMask = 2147483647;
			files = (
				DAFB9FC32D5DD98600474FF5 /* .swiftlint.yml in Resources */,
			);
			runOnlyForDeploymentPostprocessing = 0;
		};
/* End PBXResourcesBuildPhase section */

/* Begin PBXSourcesBuildPhase section */
		DA09FD292D5F11DF0078A0AF /* Sources */ = {
			isa = PBXSourcesBuildPhase;
			buildActionMask = 2147483647;
			files = (
			);
			runOnlyForDeploymentPostprocessing = 0;
		};
		DA0CCBBD2D892193008E0296 /* Sources */ = {
			isa = PBXSourcesBuildPhase;
			buildActionMask = 2147483647;
			files = (
			);
			runOnlyForDeploymentPostprocessing = 0;
		};
		DA12C5CA2D252C6600296345 /* Sources */ = {
			isa = PBXSourcesBuildPhase;
			buildActionMask = 2147483647;
			files = (
				DA09FF9C2D65CB0F0078A0AF /* README.md in Sources */,
			);
			runOnlyForDeploymentPostprocessing = 0;
		};
/* End PBXSourcesBuildPhase section */

/* Begin PBXTargetDependency section */
		DA09FB272D5EDB5D0078A0AF /* PBXTargetDependency */ = {
			isa = PBXTargetDependency;
			productRef = DA09FB262D5EDB5D0078A0AF /* RswiftGenerateInternalResources */;
		};
		DA09FD342D5F11DF0078A0AF /* PBXTargetDependency */ = {
			isa = PBXTargetDependency;
			target = DA12C5CD2D252C6600296345 /* IKEHGitHubAPIDemo */;
			targetProxy = DA09FD332D5F11DF0078A0AF /* PBXContainerItemProxy */;
		};
		DA0CCBC62D892193008E0296 /* PBXTargetDependency */ = {
			isa = PBXTargetDependency;
			target = DA12C5CD2D252C6600296345 /* IKEHGitHubAPIDemo */;
			targetProxy = DA0CCBC52D892193008E0296 /* PBXContainerItemProxy */;
		};
		DAFB9FC72D5DDBA500474FF5 /* PBXTargetDependency */ = {
			isa = PBXTargetDependency;
			productRef = DAFB9FC62D5DDBA500474FF5 /* SwiftLintBuildToolPlugin */;
		};
/* End PBXTargetDependency section */

/* Begin XCBuildConfiguration section */
		DA09FD362D5F11DF0078A0AF /* Debug */ = {
			isa = XCBuildConfiguration;
			buildSettings = {
				CODE_SIGN_STYLE = Automatic;
				CURRENT_PROJECT_VERSION = 1;
				DEVELOPMENT_TEAM = BWMJMJK727;
				GENERATE_INFOPLIST_FILE = YES;
				IPHONEOS_DEPLOYMENT_TARGET = 18.2;
				MARKETING_VERSION = 1.0;
				PRODUCT_BUNDLE_IDENTIFIER = com.ikeh1024.IKEHGitHubAPIDemoUITests;
				PRODUCT_NAME = "$(TARGET_NAME)";
				SDKROOT = iphoneos;
				SWIFT_EMIT_LOC_STRINGS = NO;
				SWIFT_VERSION = 5.0;
				TARGETED_DEVICE_FAMILY = "1,2";
				TEST_TARGET_NAME = IKEHGitHubAPIDemo;
			};
			name = Debug;
		};
		DA09FD372D5F11DF0078A0AF /* Release */ = {
			isa = XCBuildConfiguration;
			buildSettings = {
				CODE_SIGN_STYLE = Automatic;
				CURRENT_PROJECT_VERSION = 1;
				DEVELOPMENT_TEAM = BWMJMJK727;
				GENERATE_INFOPLIST_FILE = YES;
				IPHONEOS_DEPLOYMENT_TARGET = 18.2;
				MARKETING_VERSION = 1.0;
				PRODUCT_BUNDLE_IDENTIFIER = com.ikeh1024.IKEHGitHubAPIDemoUITests;
				PRODUCT_NAME = "$(TARGET_NAME)";
				SDKROOT = iphoneos;
				SWIFT_EMIT_LOC_STRINGS = NO;
				SWIFT_VERSION = 5.0;
				TARGETED_DEVICE_FAMILY = "1,2";
				TEST_TARGET_NAME = IKEHGitHubAPIDemo;
				VALIDATE_PRODUCT = YES;
			};
			name = Release;
		};
		DA0CCBC72D892193008E0296 /* Debug */ = {
			isa = XCBuildConfiguration;
			buildSettings = {
				BUNDLE_LOADER = "$(TEST_HOST)";
				CODE_SIGN_STYLE = Automatic;
				CURRENT_PROJECT_VERSION = 1;
				DEVELOPMENT_TEAM = BWMJMJK727;
				GENERATE_INFOPLIST_FILE = YES;
				IPHONEOS_DEPLOYMENT_TARGET = 18.2;
				MARKETING_VERSION = 1.0;
				PRODUCT_BUNDLE_IDENTIFIER = com.ikeh1024.IKEHGitHubAPIDemoTests;
				PRODUCT_NAME = "$(TARGET_NAME)";
				SDKROOT = iphoneos;
				SWIFT_EMIT_LOC_STRINGS = NO;
				SWIFT_VERSION = 5.0;
				TARGETED_DEVICE_FAMILY = "1,2";
				TEST_HOST = "$(BUILT_PRODUCTS_DIR)/IKEHGitHubAPIDemo.app/$(BUNDLE_EXECUTABLE_FOLDER_PATH)/IKEHGitHubAPIDemo";
			};
			name = Debug;
		};
		DA0CCBC82D892193008E0296 /* Release */ = {
			isa = XCBuildConfiguration;
			buildSettings = {
				BUNDLE_LOADER = "$(TEST_HOST)";
				CODE_SIGN_STYLE = Automatic;
				CURRENT_PROJECT_VERSION = 1;
				DEVELOPMENT_TEAM = BWMJMJK727;
				GENERATE_INFOPLIST_FILE = YES;
				IPHONEOS_DEPLOYMENT_TARGET = 18.2;
				MARKETING_VERSION = 1.0;
				PRODUCT_BUNDLE_IDENTIFIER = com.ikeh1024.IKEHGitHubAPIDemoTests;
				PRODUCT_NAME = "$(TARGET_NAME)";
				SDKROOT = iphoneos;
				SWIFT_EMIT_LOC_STRINGS = NO;
				SWIFT_VERSION = 5.0;
				TARGETED_DEVICE_FAMILY = "1,2";
				TEST_HOST = "$(BUILT_PRODUCTS_DIR)/IKEHGitHubAPIDemo.app/$(BUNDLE_EXECUTABLE_FOLDER_PATH)/IKEHGitHubAPIDemo";
				VALIDATE_PRODUCT = YES;
			};
			name = Release;
		};
		DA12C5DB2D252C6700296345 /* Debug */ = {
			isa = XCBuildConfiguration;
			buildSettings = {
				ALWAYS_SEARCH_USER_PATHS = NO;
				ASSETCATALOG_COMPILER_GENERATE_SWIFT_ASSET_SYMBOL_EXTENSIONS = YES;
				CLANG_ANALYZER_NONNULL = YES;
				CLANG_ANALYZER_NUMBER_OBJECT_CONVERSION = YES_AGGRESSIVE;
				CLANG_CXX_LANGUAGE_STANDARD = "gnu++20";
				CLANG_ENABLE_MODULES = YES;
				CLANG_ENABLE_OBJC_ARC = YES;
				CLANG_ENABLE_OBJC_WEAK = YES;
				CLANG_WARN_BLOCK_CAPTURE_AUTORELEASING = YES;
				CLANG_WARN_BOOL_CONVERSION = YES;
				CLANG_WARN_COMMA = YES;
				CLANG_WARN_CONSTANT_CONVERSION = YES;
				CLANG_WARN_DEPRECATED_OBJC_IMPLEMENTATIONS = YES;
				CLANG_WARN_DIRECT_OBJC_ISA_USAGE = YES_ERROR;
				CLANG_WARN_DOCUMENTATION_COMMENTS = YES;
				CLANG_WARN_EMPTY_BODY = YES;
				CLANG_WARN_ENUM_CONVERSION = YES;
				CLANG_WARN_INFINITE_RECURSION = YES;
				CLANG_WARN_INT_CONVERSION = YES;
				CLANG_WARN_NON_LITERAL_NULL_CONVERSION = YES;
				CLANG_WARN_OBJC_IMPLICIT_RETAIN_SELF = YES;
				CLANG_WARN_OBJC_LITERAL_CONVERSION = YES;
				CLANG_WARN_OBJC_ROOT_CLASS = YES_ERROR;
				CLANG_WARN_QUOTED_INCLUDE_IN_FRAMEWORK_HEADER = YES;
				CLANG_WARN_RANGE_LOOP_ANALYSIS = YES;
				CLANG_WARN_STRICT_PROTOTYPES = YES;
				CLANG_WARN_SUSPICIOUS_MOVE = YES;
				CLANG_WARN_UNGUARDED_AVAILABILITY = YES_AGGRESSIVE;
				CLANG_WARN_UNREACHABLE_CODE = YES;
				CLANG_WARN__DUPLICATE_METHOD_MATCH = YES;
				COPY_PHASE_STRIP = NO;
				DEBUG_INFORMATION_FORMAT = dwarf;
				ENABLE_STRICT_OBJC_MSGSEND = YES;
				ENABLE_TESTABILITY = YES;
				ENABLE_USER_SCRIPT_SANDBOXING = YES;
				GCC_C_LANGUAGE_STANDARD = gnu17;
				GCC_DYNAMIC_NO_PIC = NO;
				GCC_NO_COMMON_BLOCKS = YES;
				GCC_OPTIMIZATION_LEVEL = 0;
				GCC_PREPROCESSOR_DEFINITIONS = (
					"DEBUG=1",
					"$(inherited)",
				);
				GCC_WARN_64_TO_32_BIT_CONVERSION = YES;
				GCC_WARN_ABOUT_RETURN_TYPE = YES_ERROR;
				GCC_WARN_UNDECLARED_SELECTOR = YES;
				GCC_WARN_UNINITIALIZED_AUTOS = YES_AGGRESSIVE;
				GCC_WARN_UNUSED_FUNCTION = YES;
				GCC_WARN_UNUSED_VARIABLE = YES;
				LOCALIZATION_PREFERS_STRING_CATALOGS = YES;
				MTL_ENABLE_DEBUG_INFO = INCLUDE_SOURCE;
				MTL_FAST_MATH = YES;
				ONLY_ACTIVE_ARCH = YES;
				SWIFT_ACTIVE_COMPILATION_CONDITIONS = "DEBUG $(inherited)";
				SWIFT_OPTIMIZATION_LEVEL = "-Onone";
			};
			name = Debug;
		};
		DA12C5DC2D252C6700296345 /* Release */ = {
			isa = XCBuildConfiguration;
			buildSettings = {
				ALWAYS_SEARCH_USER_PATHS = NO;
				ASSETCATALOG_COMPILER_GENERATE_SWIFT_ASSET_SYMBOL_EXTENSIONS = YES;
				CLANG_ANALYZER_NONNULL = YES;
				CLANG_ANALYZER_NUMBER_OBJECT_CONVERSION = YES_AGGRESSIVE;
				CLANG_CXX_LANGUAGE_STANDARD = "gnu++20";
				CLANG_ENABLE_MODULES = YES;
				CLANG_ENABLE_OBJC_ARC = YES;
				CLANG_ENABLE_OBJC_WEAK = YES;
				CLANG_WARN_BLOCK_CAPTURE_AUTORELEASING = YES;
				CLANG_WARN_BOOL_CONVERSION = YES;
				CLANG_WARN_COMMA = YES;
				CLANG_WARN_CONSTANT_CONVERSION = YES;
				CLANG_WARN_DEPRECATED_OBJC_IMPLEMENTATIONS = YES;
				CLANG_WARN_DIRECT_OBJC_ISA_USAGE = YES_ERROR;
				CLANG_WARN_DOCUMENTATION_COMMENTS = YES;
				CLANG_WARN_EMPTY_BODY = YES;
				CLANG_WARN_ENUM_CONVERSION = YES;
				CLANG_WARN_INFINITE_RECURSION = YES;
				CLANG_WARN_INT_CONVERSION = YES;
				CLANG_WARN_NON_LITERAL_NULL_CONVERSION = YES;
				CLANG_WARN_OBJC_IMPLICIT_RETAIN_SELF = YES;
				CLANG_WARN_OBJC_LITERAL_CONVERSION = YES;
				CLANG_WARN_OBJC_ROOT_CLASS = YES_ERROR;
				CLANG_WARN_QUOTED_INCLUDE_IN_FRAMEWORK_HEADER = YES;
				CLANG_WARN_RANGE_LOOP_ANALYSIS = YES;
				CLANG_WARN_STRICT_PROTOTYPES = YES;
				CLANG_WARN_SUSPICIOUS_MOVE = YES;
				CLANG_WARN_UNGUARDED_AVAILABILITY = YES_AGGRESSIVE;
				CLANG_WARN_UNREACHABLE_CODE = YES;
				CLANG_WARN__DUPLICATE_METHOD_MATCH = YES;
				COPY_PHASE_STRIP = NO;
				DEBUG_INFORMATION_FORMAT = "dwarf-with-dsym";
				ENABLE_NS_ASSERTIONS = NO;
				ENABLE_STRICT_OBJC_MSGSEND = YES;
				ENABLE_USER_SCRIPT_SANDBOXING = YES;
				GCC_C_LANGUAGE_STANDARD = gnu17;
				GCC_NO_COMMON_BLOCKS = YES;
				GCC_WARN_64_TO_32_BIT_CONVERSION = YES;
				GCC_WARN_ABOUT_RETURN_TYPE = YES_ERROR;
				GCC_WARN_UNDECLARED_SELECTOR = YES;
				GCC_WARN_UNINITIALIZED_AUTOS = YES_AGGRESSIVE;
				GCC_WARN_UNUSED_FUNCTION = YES;
				GCC_WARN_UNUSED_VARIABLE = YES;
				LOCALIZATION_PREFERS_STRING_CATALOGS = YES;
				MTL_ENABLE_DEBUG_INFO = NO;
				MTL_FAST_MATH = YES;
				SWIFT_COMPILATION_MODE = wholemodule;
			};
			name = Release;
		};
		DA12C5DE2D252C6700296345 /* Debug */ = {
			isa = XCBuildConfiguration;
			buildSettings = {
				ASSETCATALOG_COMPILER_APPICON_NAME = AppIcon;
				ASSETCATALOG_COMPILER_GLOBAL_ACCENT_COLOR_NAME = AccentColor;
				CODE_SIGN_ENTITLEMENTS = IKEHGitHubAPIDemo/Resources/IKEHGitHubAPIDemo.entitlements;
				CODE_SIGN_STYLE = Automatic;
				CURRENT_PROJECT_VERSION = 1;
				DEVELOPMENT_ASSET_PATHS = "\"IKEHGitHubAPIDemo/Resources/Preview Content\"";
				DEVELOPMENT_TEAM = BWMJMJK727;
				ENABLE_HARDENED_RUNTIME = YES;
				ENABLE_PREVIEWS = YES;
				GENERATE_INFOPLIST_FILE = YES;
				INFOPLIST_FILE = IKEHGitHubAPIDemo/Resources/Info.plist;
				"INFOPLIST_KEY_UIApplicationSceneManifest_Generation[sdk=iphoneos*]" = YES;
				"INFOPLIST_KEY_UIApplicationSceneManifest_Generation[sdk=iphonesimulator*]" = YES;
				"INFOPLIST_KEY_UIApplicationSupportsIndirectInputEvents[sdk=iphoneos*]" = YES;
				"INFOPLIST_KEY_UIApplicationSupportsIndirectInputEvents[sdk=iphonesimulator*]" = YES;
				"INFOPLIST_KEY_UILaunchScreen_Generation[sdk=iphoneos*]" = YES;
				"INFOPLIST_KEY_UILaunchScreen_Generation[sdk=iphonesimulator*]" = YES;
				"INFOPLIST_KEY_UIStatusBarStyle[sdk=iphoneos*]" = UIStatusBarStyleDefault;
				"INFOPLIST_KEY_UIStatusBarStyle[sdk=iphonesimulator*]" = UIStatusBarStyleDefault;
				INFOPLIST_KEY_UISupportedInterfaceOrientations_iPad = "UIInterfaceOrientationPortrait UIInterfaceOrientationPortraitUpsideDown UIInterfaceOrientationLandscapeLeft UIInterfaceOrientationLandscapeRight";
				INFOPLIST_KEY_UISupportedInterfaceOrientations_iPhone = "UIInterfaceOrientationPortrait UIInterfaceOrientationLandscapeLeft UIInterfaceOrientationLandscapeRight";
				IPHONEOS_DEPLOYMENT_TARGET = 18.2;
				LD_RUNPATH_SEARCH_PATHS = "@executable_path/Frameworks";
				"LD_RUNPATH_SEARCH_PATHS[sdk=macosx*]" = "@executable_path/../Frameworks";
				MACOSX_DEPLOYMENT_TARGET = 15.1;
				MARKETING_VERSION = 1.0;
				PRODUCT_BUNDLE_IDENTIFIER = com.ikeh1024.IKEHGitHubAPIDemo;
				PRODUCT_NAME = "$(TARGET_NAME)";
				SDKROOT = auto;
				SUPPORTED_PLATFORMS = "iphoneos iphonesimulator xros xrsimulator";
				SUPPORTS_MACCATALYST = NO;
				SWIFT_EMIT_LOC_STRINGS = YES;
				SWIFT_VERSION = 6.0;
				TARGETED_DEVICE_FAMILY = "1,2,7";
				XROS_DEPLOYMENT_TARGET = 2.2;
			};
			name = Debug;
		};
		DA12C5DF2D252C6700296345 /* Release */ = {
			isa = XCBuildConfiguration;
			buildSettings = {
				ASSETCATALOG_COMPILER_APPICON_NAME = AppIcon;
				ASSETCATALOG_COMPILER_GLOBAL_ACCENT_COLOR_NAME = AccentColor;
				CODE_SIGN_ENTITLEMENTS = IKEHGitHubAPIDemo/Resources/IKEHGitHubAPIDemo.entitlements;
				CODE_SIGN_STYLE = Automatic;
				CURRENT_PROJECT_VERSION = 1;
				DEVELOPMENT_ASSET_PATHS = "\"IKEHGitHubAPIDemo/Resources/Preview Content\"";
				DEVELOPMENT_TEAM = BWMJMJK727;
				ENABLE_HARDENED_RUNTIME = YES;
				ENABLE_PREVIEWS = YES;
				GENERATE_INFOPLIST_FILE = YES;
				INFOPLIST_FILE = IKEHGitHubAPIDemo/Resources/Info.plist;
				"INFOPLIST_KEY_UIApplicationSceneManifest_Generation[sdk=iphoneos*]" = YES;
				"INFOPLIST_KEY_UIApplicationSceneManifest_Generation[sdk=iphonesimulator*]" = YES;
				"INFOPLIST_KEY_UIApplicationSupportsIndirectInputEvents[sdk=iphoneos*]" = YES;
				"INFOPLIST_KEY_UIApplicationSupportsIndirectInputEvents[sdk=iphonesimulator*]" = YES;
				"INFOPLIST_KEY_UILaunchScreen_Generation[sdk=iphoneos*]" = YES;
				"INFOPLIST_KEY_UILaunchScreen_Generation[sdk=iphonesimulator*]" = YES;
				"INFOPLIST_KEY_UIStatusBarStyle[sdk=iphoneos*]" = UIStatusBarStyleDefault;
				"INFOPLIST_KEY_UIStatusBarStyle[sdk=iphonesimulator*]" = UIStatusBarStyleDefault;
				INFOPLIST_KEY_UISupportedInterfaceOrientations_iPad = "UIInterfaceOrientationPortrait UIInterfaceOrientationPortraitUpsideDown UIInterfaceOrientationLandscapeLeft UIInterfaceOrientationLandscapeRight";
				INFOPLIST_KEY_UISupportedInterfaceOrientations_iPhone = "UIInterfaceOrientationPortrait UIInterfaceOrientationLandscapeLeft UIInterfaceOrientationLandscapeRight";
				IPHONEOS_DEPLOYMENT_TARGET = 18.2;
				LD_RUNPATH_SEARCH_PATHS = "@executable_path/Frameworks";
				"LD_RUNPATH_SEARCH_PATHS[sdk=macosx*]" = "@executable_path/../Frameworks";
				MACOSX_DEPLOYMENT_TARGET = 15.1;
				MARKETING_VERSION = 1.0;
				PRODUCT_BUNDLE_IDENTIFIER = com.ikeh1024.IKEHGitHubAPIDemo;
				PRODUCT_NAME = "$(TARGET_NAME)";
				SDKROOT = auto;
				SUPPORTED_PLATFORMS = "iphoneos iphonesimulator xros xrsimulator";
				SUPPORTS_MACCATALYST = NO;
				SWIFT_EMIT_LOC_STRINGS = YES;
				SWIFT_VERSION = 6.0;
				TARGETED_DEVICE_FAMILY = "1,2,7";
				XROS_DEPLOYMENT_TARGET = 2.2;
			};
			name = Release;
		};
/* End XCBuildConfiguration section */

/* Begin XCConfigurationList section */
		DA09FD352D5F11DF0078A0AF /* Build configuration list for PBXNativeTarget "IKEHGitHubAPIDemoUITests" */ = {
			isa = XCConfigurationList;
			buildConfigurations = (
				DA09FD362D5F11DF0078A0AF /* Debug */,
				DA09FD372D5F11DF0078A0AF /* Release */,
			);
			defaultConfigurationIsVisible = 0;
			defaultConfigurationName = Release;
		};
		DA0CCBC92D892193008E0296 /* Build configuration list for PBXNativeTarget "IKEHGitHubAPIDemoTests" */ = {
			isa = XCConfigurationList;
			buildConfigurations = (
				DA0CCBC72D892193008E0296 /* Debug */,
				DA0CCBC82D892193008E0296 /* Release */,
			);
			defaultConfigurationIsVisible = 0;
			defaultConfigurationName = Release;
		};
		DA12C5C92D252C6600296345 /* Build configuration list for PBXProject "IKEHGitHubAPIDemo" */ = {
			isa = XCConfigurationList;
			buildConfigurations = (
				DA12C5DB2D252C6700296345 /* Debug */,
				DA12C5DC2D252C6700296345 /* Release */,
			);
			defaultConfigurationIsVisible = 0;
			defaultConfigurationName = Release;
		};
		DA12C5DD2D252C6700296345 /* Build configuration list for PBXNativeTarget "IKEHGitHubAPIDemo" */ = {
			isa = XCConfigurationList;
			buildConfigurations = (
				DA12C5DE2D252C6700296345 /* Debug */,
				DA12C5DF2D252C6700296345 /* Release */,
			);
			defaultConfigurationIsVisible = 0;
			defaultConfigurationName = Release;
		};
/* End XCConfigurationList section */

/* Begin XCLocalSwiftPackageReference section */
		DA12C5ED2D2533C800296345 /* XCLocalSwiftPackageReference "../IKEHGitHubAPI" */ = {
			isa = XCLocalSwiftPackageReference;
			relativePath = ../IKEHGitHubAPI;
		};
/* End XCLocalSwiftPackageReference section */

/* Begin XCRemoteSwiftPackageReference section */
		DA09368F2D4BC9C700484A5D /* XCRemoteSwiftPackageReference "UserDefaultsBrowser" */ = {
			isa = XCRemoteSwiftPackageReference;
			repositoryURL = "https://github.com/YusukeHosonuma/UserDefaultsBrowser";
			requirement = {
				kind = upToNextMajorVersion;
				minimumVersion = 1.0.2;
			};
		};
		DA09FB222D5EDB280078A0AF /* XCRemoteSwiftPackageReference "R" */ = {
			isa = XCRemoteSwiftPackageReference;
			repositoryURL = "https://github.com/mac-cain13/R.swift";
			requirement = {
				kind = upToNextMajorVersion;
				minimumVersion = 7.8.0;
			};
		};
		DA1DE9E62D4C5B0F00CACE02 /* XCRemoteSwiftPackageReference "swift-collections" */ = {
			isa = XCRemoteSwiftPackageReference;
			repositoryURL = "https://github.com/apple/swift-collections.git";
			requirement = {
				kind = upToNextMajorVersion;
				minimumVersion = 1.1.4;
			};
		};
		DA1DEB072D4E679100CACE02 /* XCRemoteSwiftPackageReference "SwiftUI-Shimmer" */ = {
			isa = XCRemoteSwiftPackageReference;
			repositoryURL = "https://github.com/markiv/SwiftUI-Shimmer";
			requirement = {
				kind = upToNextMajorVersion;
				minimumVersion = 1.5.1;
			};
		};
		DA96BAAB2D25397D0081B93B /* XCRemoteSwiftPackageReference "swift-http-types" */ = {
			isa = XCRemoteSwiftPackageReference;
			repositoryURL = "https://github.com/apple/swift-http-types";
			requirement = {
				kind = upToNextMajorVersion;
				minimumVersion = 1.3.1;
			};
		};
		DA96BAB02D2539880081B93B /* XCRemoteSwiftPackageReference "swift-id" */ = {
			isa = XCRemoteSwiftPackageReference;
			repositoryURL = "https://github.com/koher/swift-id.git";
			requirement = {
				kind = upToNextMajorVersion;
				minimumVersion = 1.0.0;
			};
		};
		DACA6C992D68761A009F72B3 /* XCRemoteSwiftPackageReference "SDWebImageSwiftUI" */ = {
			isa = XCRemoteSwiftPackageReference;
			repositoryURL = "https://github.com/SDWebImage/SDWebImageSwiftUI";
			requirement = {
				kind = upToNextMajorVersion;
				minimumVersion = 3.1.3;
			};
		};
		DAE2E7ED2D9E42CD0031BA9E /* XCRemoteSwiftPackageReference "swift-concurrency-extras" */ = {
			isa = XCRemoteSwiftPackageReference;
			repositoryURL = "https://github.com/pointfreeco/swift-concurrency-extras";
			requirement = {
				kind = upToNextMajorVersion;
				minimumVersion = 1.3.1;
			};
		};
		DAE2F0382D9EBBD70031BA9E /* XCRemoteSwiftPackageReference "swift-dependencies" */ = {
			isa = XCRemoteSwiftPackageReference;
			repositoryURL = "https://github.com/pointfreeco/swift-dependencies";
			requirement = {
				kind = upToNextMajorVersion;
				minimumVersion = 1.9.0;
			};
		};
		DAF43D0A2D41E31000D8A5F2 /* XCRemoteSwiftPackageReference "KeychainAccess" */ = {
			isa = XCRemoteSwiftPackageReference;
			repositoryURL = "https://github.com/kishikawakatsumi/KeychainAccess";
			requirement = {
				branch = master;
				kind = branch;
			};
		};
		DAFB9FC52D5DDB9700474FF5 /* XCRemoteSwiftPackageReference "SwiftLint" */ = {
			isa = XCRemoteSwiftPackageReference;
			repositoryURL = "https://github.com/realm/SwiftLint.git";
			requirement = {
				kind = upToNextMajorVersion;
				minimumVersion = 0.58.2;
			};
		};
/* End XCRemoteSwiftPackageReference section */

/* Begin XCSwiftPackageProductDependency section */
		DA0936902D4BC9C700484A5D /* UserDefaultsBrowser */ = {
			isa = XCSwiftPackageProductDependency;
			package = DA09368F2D4BC9C700484A5D /* XCRemoteSwiftPackageReference "UserDefaultsBrowser" */;
			productName = UserDefaultsBrowser;
		};
		DA09FB232D5EDB280078A0AF /* RswiftLibrary */ = {
			isa = XCSwiftPackageProductDependency;
			package = DA09FB222D5EDB280078A0AF /* XCRemoteSwiftPackageReference "R" */;
			productName = RswiftLibrary;
		};
		DA09FB262D5EDB5D0078A0AF /* RswiftGenerateInternalResources */ = {
			isa = XCSwiftPackageProductDependency;
			productName = "plugin:RswiftGenerateInternalResources";
		};
		DA12C5E12D252C8000296345 /* IKEHGitHubAPI */ = {
			isa = XCSwiftPackageProductDependency;
			productName = IKEHGitHubAPI;
		};
		DA12C5EE2D2533C800296345 /* IKEHGitHubAPI */ = {
			isa = XCSwiftPackageProductDependency;
			productName = IKEHGitHubAPI;
		};
		DA1DE9E72D4C5B0F00CACE02 /* Collections */ = {
			isa = XCSwiftPackageProductDependency;
			package = DA1DE9E62D4C5B0F00CACE02 /* XCRemoteSwiftPackageReference "swift-collections" */;
			productName = Collections;
		};
		DA1DEB082D4E679100CACE02 /* Shimmer */ = {
			isa = XCSwiftPackageProductDependency;
			package = DA1DEB072D4E679100CACE02 /* XCRemoteSwiftPackageReference "SwiftUI-Shimmer" */;
			productName = Shimmer;
		};
		DA96BAAC2D25397D0081B93B /* HTTPTypes */ = {
			isa = XCSwiftPackageProductDependency;
			package = DA96BAAB2D25397D0081B93B /* XCRemoteSwiftPackageReference "swift-http-types" */;
			productName = HTTPTypes;
		};
		DA96BAAE2D25397D0081B93B /* HTTPTypesFoundation */ = {
			isa = XCSwiftPackageProductDependency;
			package = DA96BAAB2D25397D0081B93B /* XCRemoteSwiftPackageReference "swift-http-types" */;
			productName = HTTPTypesFoundation;
		};
		DA96BAB12D2539880081B93B /* SwiftID */ = {
			isa = XCSwiftPackageProductDependency;
			package = DA96BAB02D2539880081B93B /* XCRemoteSwiftPackageReference "swift-id" */;
			productName = SwiftID;
		};
		DACA6C9A2D68761A009F72B3 /* SDWebImageSwiftUI */ = {
			isa = XCSwiftPackageProductDependency;
			package = DACA6C992D68761A009F72B3 /* XCRemoteSwiftPackageReference "SDWebImageSwiftUI" */;
			productName = SDWebImageSwiftUI;
		};
		DAE2E7EE2D9E42CD0031BA9E /* ConcurrencyExtras */ = {
			isa = XCSwiftPackageProductDependency;
			package = DAE2E7ED2D9E42CD0031BA9E /* XCRemoteSwiftPackageReference "swift-concurrency-extras" */;
			productName = ConcurrencyExtras;
		};
		DAE2F0392D9EBBD70031BA9E /* Dependencies */ = {
			isa = XCSwiftPackageProductDependency;
			package = DAE2F0382D9EBBD70031BA9E /* XCRemoteSwiftPackageReference "swift-dependencies" */;
			productName = Dependencies;
		};
		DAE2F03B2D9EBBD70031BA9E /* DependenciesMacros */ = {
			isa = XCSwiftPackageProductDependency;
			package = DAE2F0382D9EBBD70031BA9E /* XCRemoteSwiftPackageReference "swift-dependencies" */;
			productName = DependenciesMacros;
		};
		DAE2F03D2D9EBBD70031BA9E /* DependenciesTestSupport */ = {
			isa = XCSwiftPackageProductDependency;
			package = DAE2F0382D9EBBD70031BA9E /* XCRemoteSwiftPackageReference "swift-dependencies" */;
			productName = DependenciesTestSupport;
		};
		DAF43D0B2D41E31000D8A5F2 /* KeychainAccess */ = {
			isa = XCSwiftPackageProductDependency;
			package = DAF43D0A2D41E31000D8A5F2 /* XCRemoteSwiftPackageReference "KeychainAccess" */;
			productName = KeychainAccess;
		};
		DAFB9FC62D5DDBA500474FF5 /* SwiftLintBuildToolPlugin */ = {
			isa = XCSwiftPackageProductDependency;
			package = DAFB9FC52D5DDB9700474FF5 /* XCRemoteSwiftPackageReference "SwiftLint" */;
			productName = "plugin:SwiftLintBuildToolPlugin";
		};
/* End XCSwiftPackageProductDependency section */
	};
	rootObject = DA12C5C62D252C6600296345 /* Project object */;
}
